
Microsoft Visual Studio Solution File, Format Version 12.00
# Visual Studio 14
VisualStudioVersion = 14.0.25123.0
MinimumVisualStudioVersion = 10.0.40219.1
Project("{FAE04EC0-301F-11D3-BF4B-00C04F79EFBC}") = "FontSample.Droid", "FontSample\FontSample.Droid\FontSample.Droid.csproj", "{59C1C804-8D35-4049-8168-24EFB6CA8542}"
EndProject
Project("{FAE04EC0-301F-11D3-BF4B-00C04F79EFBC}") = "FontSample.iOS", "FontSample\FontSample.iOS\FontSample.iOS.csproj", "{BFB31009-6C57-4C04-9414-A363303D1D19}"
EndProject
Project("{FAE04EC0-301F-11D3-BF4B-00C04F79EFBC}") = "FontSample", "FontSample\FontSample\FontSample.csproj", "{E8952B2D-900A-405D-B209-8BF8F4B01FDF}"
EndProject
Global
	GlobalSection(SolutionConfigurationPlatforms) = preSolution
		Ad-Hoc|Any CPU = Ad-Hoc|Any CPU
		Ad-Hoc|ARM = Ad-Hoc|ARM
		Ad-Hoc|iPhone = Ad-Hoc|iPhone
		Ad-Hoc|iPhoneSimulator = Ad-Hoc|iPhoneSimulator
		Ad-Hoc|x64 = Ad-Hoc|x64
		Ad-Hoc|x86 = Ad-Hoc|x86
		AppStore|Any CPU = AppStore|Any CPU
		AppStore|ARM = AppStore|ARM
		AppStore|iPhone = AppStore|iPhone
		AppStore|iPhoneSimulator = AppStore|iPhoneSimulator
		AppStore|x64 = AppStore|x64
		AppStore|x86 = AppStore|x86
		Debug|Any CPU = Debug|Any CPU
		Debug|ARM = Debug|ARM
		Debug|iPhone = Debug|iPhone
		Debug|iPhoneSimulator = Debug|iPhoneSimulator
		Debug|x64 = Debug|x64
		Debug|x86 = Debug|x86
		Release|Any CPU = Release|Any CPU
		Release|ARM = Release|ARM
		Release|iPhone = Release|iPhone
		Release|iPhoneSimulator = Release|iPhoneSimulator
		Release|x64 = Release|x64
		Release|x86 = Release|x86
	EndGlobalSection
	GlobalSection(ProjectConfigurationPlatforms) = postSolution
		{59C1C804-8D35-4049-8168-24EFB6CA8542}.Ad-Hoc|Any CPU.ActiveCfg = Release|Any CPU
		{59C1C804-8D35-4049-8168-24EFB6CA8542}.Ad-Hoc|Any CPU.Build.0 = Release|Any CPU
		{59C1C804-8D35-4049-8168-24EFB6CA8542}.Ad-Hoc|Any CPU.Deploy.0 = Release|Any CPU
		{59C1C804-8D35-4049-8168-24EFB6CA8542}.Ad-Hoc|ARM.ActiveCfg = Release|Any CPU
		{59C1C804-8D35-4049-8168-24EFB6CA8542}.Ad-Hoc|ARM.Build.0 = Release|Any CPU
		{59C1C804-8D35-4049-8168-24EFB6CA8542}.Ad-Hoc|ARM.Deploy.0 = Release|Any CPU
		{59C1C804-8D35-4049-8168-24EFB6CA8542}.Ad-Hoc|iPhone.ActiveCfg = Release|Any CPU
		{59C1C804-8D35-4049-8168-24EFB6CA8542}.Ad-Hoc|iPhone.Build.0 = Release|Any CPU
		{59C1C804-8D35-4049-8168-24EFB6CA8542}.Ad-Hoc|iPhone.Deploy.0 = Release|Any CPU
		{59C1C804-8D35-4049-8168-24EFB6CA8542}.Ad-Hoc|iPhoneSimulator.ActiveCfg = Release|Any CPU
		{59C1C804-8D35-4049-8168-24EFB6CA8542}.Ad-Hoc|iPhoneSimulator.Build.0 = Release|Any CPU
		{59C1C804-8D35-4049-8168-24EFB6CA8542}.Ad-Hoc|iPhoneSimulator.Deploy.0 = Release|Any CPU
		{59C1C804-8D35-4049-8168-24EFB6CA8542}.Ad-Hoc|x64.ActiveCfg = Release|Any CPU
		{59C1C804-8D35-4049-8168-24EFB6CA8542}.Ad-Hoc|x64.Build.0 = Release|Any CPU
		{59C1C804-8D35-4049-8168-24EFB6CA8542}.Ad-Hoc|x64.Deploy.0 = Release|Any CPU
		{59C1C804-8D35-4049-8168-24EFB6CA8542}.Ad-Hoc|x86.ActiveCfg = Release|Any CPU
		{59C1C804-8D35-4049-8168-24EFB6CA8542}.Ad-Hoc|x86.Build.0 = Release|Any CPU
		{59C1C804-8D35-4049-8168-24EFB6CA8542}.Ad-Hoc|x86.Deploy.0 = Release|Any CPU
		{59C1C804-8D35-4049-8168-24EFB6CA8542}.AppStore|Any CPU.ActiveCfg = Release|Any CPU
		{59C1C804-8D35-4049-8168-24EFB6CA8542}.AppStore|Any CPU.Build.0 = Release|Any CPU
		{59C1C804-8D35-4049-8168-24EFB6CA8542}.AppStore|Any CPU.Deploy.0 = Release|Any CPU
		{59C1C804-8D35-4049-8168-24EFB6CA8542}.AppStore|ARM.ActiveCfg = Release|Any CPU
		{59C1C804-8D35-4049-8168-24EFB6CA8542}.AppStore|ARM.Build.0 = Release|Any CPU
		{59C1C804-8D35-4049-8168-24EFB6CA8542}.AppStore|ARM.Deploy.0 = Release|Any CPU
		{59C1C804-8D35-4049-8168-24EFB6CA8542}.AppStore|iPhone.ActiveCfg = Release|Any CPU
		{59C1C804-8D35-4049-8168-24EFB6CA8542}.AppStore|iPhone.Build.0 = Release|Any CPU
		{59C1C804-8D35-4049-8168-24EFB6CA8542}.AppStore|iPhone.Deploy.0 = Release|Any CPU
		{59C1C804-8D35-4049-8168-24EFB6CA8542}.AppStore|iPhoneSimulator.ActiveCfg = Release|Any CPU
		{59C1C804-8D35-4049-8168-24EFB6CA8542}.AppStore|iPhoneSimulator.Build.0 = Release|Any CPU
		{59C1C804-8D35-4049-8168-24EFB6CA8542}.AppStore|iPhoneSimulator.Deploy.0 = Release|Any CPU
		{59C1C804-8D35-4049-8168-24EFB6CA8542}.AppStore|x64.ActiveCfg = Release|Any CPU
		{59C1C804-8D35-4049-8168-24EFB6CA8542}.AppStore|x64.Build.0 = Release|Any CPU
		{59C1C804-8D35-4049-8168-24EFB6CA8542}.AppStore|x64.Deploy.0 = Release|Any CPU
		{59C1C804-8D35-4049-8168-24EFB6CA8542}.AppStore|x86.ActiveCfg = Release|Any CPU
		{59C1C804-8D35-4049-8168-24EFB6CA8542}.AppStore|x86.Build.0 = Release|Any CPU
		{59C1C804-8D35-4049-8168-24EFB6CA8542}.AppStore|x86.Deploy.0 = Release|Any CPU
		{59C1C804-8D35-4049-8168-24EFB6CA8542}.Debug|Any CPU.ActiveCfg = Debug|Any CPU
		{59C1C804-8D35-4049-8168-24EFB6CA8542}.Debug|Any CPU.Build.0 = Debug|Any CPU
		{59C1C804-8D35-4049-8168-24EFB6CA8542}.Debug|Any CPU.Deploy.0 = Debug|Any CPU
		{59C1C804-8D35-4049-8168-24EFB6CA8542}.Debug|ARM.ActiveCfg = Debug|Any CPU
		{59C1C804-8D35-4049-8168-24EFB6CA8542}.Debug|ARM.Build.0 = Debug|Any CPU
		{59C1C804-8D35-4049-8168-24EFB6CA8542}.Debug|ARM.Deploy.0 = Debug|Any CPU
		{59C1C804-8D35-4049-8168-24EFB6CA8542}.Debug|iPhone.ActiveCfg = Debug|Any CPU
		{59C1C804-8D35-4049-8168-24EFB6CA8542}.Debug|iPhone.Build.0 = Debug|Any CPU
		{59C1C804-8D35-4049-8168-24EFB6CA8542}.Debug|iPhone.Deploy.0 = Debug|Any CPU
		{59C1C804-8D35-4049-8168-24EFB6CA8542}.Debug|iPhoneSimulator.ActiveCfg = Debug|Any CPU
		{59C1C804-8D35-4049-8168-24EFB6CA8542}.Debug|iPhoneSimulator.Build.0 = Debug|Any CPU
		{59C1C804-8D35-4049-8168-24EFB6CA8542}.Debug|iPhoneSimulator.Deploy.0 = Debug|Any CPU
		{59C1C804-8D35-4049-8168-24EFB6CA8542}.Debug|x64.ActiveCfg = Debug|Any CPU
		{59C1C804-8D35-4049-8168-24EFB6CA8542}.Debug|x64.Build.0 = Debug|Any CPU
		{59C1C804-8D35-4049-8168-24EFB6CA8542}.Debug|x64.Deploy.0 = Debug|Any CPU
		{59C1C804-8D35-4049-8168-24EFB6CA8542}.Debug|x86.ActiveCfg = Debug|Any CPU
		{59C1C804-8D35-4049-8168-24EFB6CA8542}.Debug|x86.Build.0 = Debug|Any CPU
		{59C1C804-8D35-4049-8168-24EFB6CA8542}.Debug|x86.Deploy.0 = Debug|Any CPU
		{59C1C804-8D35-4049-8168-24EFB6CA8542}.Release|Any CPU.ActiveCfg = Release|Any CPU
		{59C1C804-8D35-4049-8168-24EFB6CA8542}.Release|Any CPU.Build.0 = Release|Any CPU
		{59C1C804-8D35-4049-8168-24EFB6CA8542}.Release|Any CPU.Deploy.0 = Release|Any CPU
		{59C1C804-8D35-4049-8168-24EFB6CA8542}.Release|ARM.ActiveCfg = Release|Any CPU
		{59C1C804-8D35-4049-8168-24EFB6CA8542}.Release|ARM.Build.0 = Release|Any CPU
		{59C1C804-8D35-4049-8168-24EFB6CA8542}.Release|ARM.Deploy.0 = Release|Any CPU
		{59C1C804-8D35-4049-8168-24EFB6CA8542}.Release|iPhone.ActiveCfg = Release|Any CPU
		{59C1C804-8D35-4049-8168-24EFB6CA8542}.Release|iPhone.Build.0 = Release|Any CPU
		{59C1C804-8D35-4049-8168-24EFB6CA8542}.Release|iPhone.Deploy.0 = Release|Any CPU
		{59C1C804-8D35-4049-8168-24EFB6CA8542}.Release|iPhoneSimulator.ActiveCfg = Release|Any CPU
		{59C1C804-8D35-4049-8168-24EFB6CA8542}.Release|iPhoneSimulator.Build.0 = Release|Any CPU
		{59C1C804-8D35-4049-8168-24EFB6CA8542}.Release|iPhoneSimulator.Deploy.0 = Release|Any CPU
		{59C1C804-8D35-4049-8168-24EFB6CA8542}.Release|x64.ActiveCfg = Release|Any CPU
		{59C1C804-8D35-4049-8168-24EFB6CA8542}.Release|x64.Build.0 = Release|Any CPU
		{59C1C804-8D35-4049-8168-24EFB6CA8542}.Release|x64.Deploy.0 = Release|Any CPU
		{59C1C804-8D35-4049-8168-24EFB6CA8542}.Release|x86.ActiveCfg = Release|Any CPU
		{59C1C804-8D35-4049-8168-24EFB6CA8542}.Release|x86.Build.0 = Release|Any CPU
		{59C1C804-8D35-4049-8168-24EFB6CA8542}.Release|x86.Deploy.0 = Release|Any CPU
		{BFB31009-6C57-4C04-9414-A363303D1D19}.Ad-Hoc|Any CPU.ActiveCfg = Ad-Hoc|iPhone
		{BFB31009-6C57-4C04-9414-A363303D1D19}.Ad-Hoc|ARM.ActiveCfg = Ad-Hoc|iPhone
		{BFB31009-6C57-4C04-9414-A363303D1D19}.Ad-Hoc|iPhone.ActiveCfg = Ad-Hoc|iPhone
		{BFB31009-6C57-4C04-9414-A363303D1D19}.Ad-Hoc|iPhone.Build.0 = Ad-Hoc|iPhone
		{BFB31009-6C57-4C04-9414-A363303D1D19}.Ad-Hoc|iPhoneSimulator.ActiveCfg = Ad-Hoc|iPhoneSimulator
		{BFB31009-6C57-4C04-9414-A363303D1D19}.Ad-Hoc|iPhoneSimulator.Build.0 = Ad-Hoc|iPhoneSimulator
		{BFB31009-6C57-4C04-9414-A363303D1D19}.Ad-Hoc|x64.ActiveCfg = Ad-Hoc|iPhone
		{BFB31009-6C57-4C04-9414-A363303D1D19}.Ad-Hoc|x86.ActiveCfg = Ad-Hoc|iPhone
		{BFB31009-6C57-4C04-9414-A363303D1D19}.AppStore|Any CPU.ActiveCfg = AppStore|iPhone
		{BFB31009-6C57-4C04-9414-A363303D1D19}.AppStore|ARM.ActiveCfg = AppStore|iPhone
		{BFB31009-6C57-4C04-9414-A363303D1D19}.AppStore|iPhone.ActiveCfg = AppStore|iPhone
		{BFB31009-6C57-4C04-9414-A363303D1D19}.AppStore|iPhone.Build.0 = AppStore|iPhone
		{BFB31009-6C57-4C04-9414-A363303D1D19}.AppStore|iPhoneSimulator.ActiveCfg = AppStore|iPhoneSimulator
		{BFB31009-6C57-4C04-9414-A363303D1D19}.AppStore|iPhoneSimulator.Build.0 = AppStore|iPhoneSimulator
		{BFB31009-6C57-4C04-9414-A363303D1D19}.AppStore|x64.ActiveCfg = AppStore|iPhone
		{BFB31009-6C57-4C04-9414-A363303D1D19}.AppStore|x86.ActiveCfg = AppStore|iPhone
		{BFB31009-6C57-4C04-9414-A363303D1D19}.Debug|Any CPU.ActiveCfg = Debug|iPhone
		{BFB31009-6C57-4C04-9414-A363303D1D19}.Debug|ARM.ActiveCfg = Debug|iPhone
		{BFB31009-6C57-4C04-9414-A363303D1D19}.Debug|iPhone.ActiveCfg = Debug|iPhone
		{BFB31009-6C57-4C04-9414-A363303D1D19}.Debug|iPhone.Build.0 = Debug|iPhone
		{BFB31009-6C57-4C04-9414-A363303D1D19}.Debug|iPhoneSimulator.ActiveCfg = Debug|iPhoneSimulator
		{BFB31009-6C57-4C04-9414-A363303D1D19}.Debug|iPhoneSimulator.Build.0 = Debug|iPhoneSimulator
		{BFB31009-6C57-4C04-9414-A363303D1D19}.Debug|x64.ActiveCfg = Debug|iPhone
		{BFB31009-6C57-4C04-9414-A363303D1D19}.Debug|x86.ActiveCfg = Debug|iPhone
		{BFB31009-6C57-4C04-9414-A363303D1D19}.Release|Any CPU.ActiveCfg = Release|iPhone
		{BFB31009-6C57-4C04-9414-A363303D1D19}.Release|ARM.ActiveCfg = Release|iPhone
		{BFB31009-6C57-4C04-9414-A363303D1D19}.Release|iPhone.ActiveCfg = Release|iPhone
		{BFB31009-6C57-4C04-9414-A363303D1D19}.Release|iPhone.Build.0 = Release|iPhone
		{BFB31009-6C57-4C04-9414-A363303D1D19}.Release|iPhoneSimulator.ActiveCfg = Release|iPhoneSimulator
		{BFB31009-6C57-4C04-9414-A363303D1D19}.Release|iPhoneSimulator.Build.0 = Release|iPhoneSimulator
		{BFB31009-6C57-4C04-9414-A363303D1D19}.Release|x64.ActiveCfg = Release|iPhone
		{BFB31009-6C57-4C04-9414-A363303D1D19}.Release|x86.ActiveCfg = Release|iPhone
		{E8952B2D-900A-405D-B209-8BF8F4B01FDF}.Ad-Hoc|Any CPU.ActiveCfg = Release|Any CPU
		{E8952B2D-900A-405D-B209-8BF8F4B01FDF}.Ad-Hoc|Any CPU.Build.0 = Release|Any CPU
		{E8952B2D-900A-405D-B209-8BF8F4B01FDF}.Ad-Hoc|ARM.ActiveCfg = Release|Any CPU
		{E8952B2D-900A-405D-B209-8BF8F4B01FDF}.Ad-Hoc|ARM.Build.0 = Release|Any CPU
		{E8952B2D-900A-405D-B209-8BF8F4B01FDF}.Ad-Hoc|iPhone.ActiveCfg = Release|Any CPU
		{E8952B2D-900A-405D-B209-8BF8F4B01FDF}.Ad-Hoc|iPhone.Build.0 = Release|Any CPU
		{E8952B2D-900A-405D-B209-8BF8F4B01FDF}.Ad-Hoc|iPhoneSimulator.ActiveCfg = Release|Any CPU
		{E8952B2D-900A-405D-B209-8BF8F4B01FDF}.Ad-Hoc|iPhoneSimulator.Build.0 = Release|Any CPU
		{E8952B2D-900A-405D-B209-8BF8F4B01FDF}.Ad-Hoc|x64.ActiveCfg = Release|Any CPU
		{E8952B2D-900A-405D-B209-8BF8F4B01FDF}.Ad-Hoc|x64.Build.0 = Release|Any CPU
		{E8952B2D-900A-405D-B209-8BF8F4B01FDF}.Ad-Hoc|x86.ActiveCfg = Release|Any CPU
		{E8952B2D-900A-405D-B209-8BF8F4B01FDF}.Ad-Hoc|x86.Build.0 = Release|Any CPU
		{E8952B2D-900A-405D-B209-8BF8F4B01FDF}.AppStore|Any CPU.ActiveCfg = Release|Any CPU
		{E8952B2D-900A-405D-B209-8BF8F4B01FDF}.AppStore|Any CPU.Build.0 = Release|Any CPU
		{E8952B2D-900A-405D-B209-8BF8F4B01FDF}.AppStore|ARM.ActiveCfg = Release|Any CPU
		{E8952B2D-900A-405D-B209-8BF8F4B01FDF}.AppStore|ARM.Build.0 = Release|Any CPU
		{E8952B2D-900A-405D-B209-8BF8F4B01FDF}.AppStore|iPhone.ActiveCfg = Release|Any CPU
		{E8952B2D-900A-405D-B209-8BF8F4B01FDF}.AppStore|iPhone.Build.0 = Release|Any CPU
		{E8952B2D-900A-405D-B209-8BF8F4B01FDF}.AppStore|iPhoneSimulator.ActiveCfg = Release|Any CPU
		{E8952B2D-900A-405D-B209-8BF8F4B01FDF}.AppStore|iPhoneSimulator.Build.0 = Release|Any CPU
		{E8952B2D-900A-405D-B209-8BF8F4B01FDF}.AppStore|x64.ActiveCfg = Release|Any CPU
		{E8952B2D-900A-405D-B209-8BF8F4B01FDF}.AppStore|x64.Build.0 = Release|Any CPU
		{E8952B2D-900A-405D-B209-8BF8F4B01FDF}.AppStore|x86.ActiveCfg = Release|Any CPU
		{E8952B2D-900A-405D-B209-8BF8F4B01FDF}.AppStore|x86.Build.0 = Release|Any CPU
		{E8952B2D-900A-405D-B209-8BF8F4B01FDF}.Debug|Any CPU.ActiveCfg = Debug|Any CPU
		{E8952B2D-900A-405D-B209-8BF8F4B01FDF}.Debug|Any CPU.Build.0 = Debug|Any CPU
		{E8952B2D-900A-405D-B209-8BF8F4B01FDF}.Debug|ARM.ActiveCfg = Debug|Any CPU
		{E8952B2D-900A-405D-B209-8BF8F4B01FDF}.Debug|ARM.Build.0 = Debug|Any CPU
		{E8952B2D-900A-405D-B209-8BF8F4B01FDF}.Debug|iPhone.ActiveCfg = Debug|Any CPU
		{E8952B2D-900A-405D-B209-8BF8F4B01FDF}.Debug|iPhone.Build.0 = Debug|Any CPU
		{E8952B2D-900A-405D-B209-8BF8F4B01FDF}.Debug|iPhoneSimulator.ActiveCfg = Debug|Any CPU
		{E8952B2D-900A-405D-B209-8BF8F4B01FDF}.Debug|iPhoneSimulator.Build.0 = Debug|Any CPU
		{E8952B2D-900A-405D-B209-8BF8F4B01FDF}.Debug|x64.ActiveCfg = Debug|Any CPU
		{E8952B2D-900A-405D-B209-8BF8F4B01FDF}.Debug|x64.Build.0 = Debug|Any CPU
		{E8952B2D-900A-405D-B209-8BF8F4B01FDF}.Debug|x86.ActiveCfg = Debug|Any CPU
		{E8952B2D-900A-405D-B209-8BF8F4B01FDF}.Debug|x86.Build.0 = Debug|Any CPU
		{E8952B2D-900A-405D-B209-8BF8F4B01FDF}.Release|Any CPU.ActiveCfg = Release|Any CPU
		{E8952B2D-900A-405D-B209-8BF8F4B01FDF}.Release|Any CPU.Build.0 = Release|Any CPU
		{E8952B2D-900A-405D-B209-8BF8F4B01FDF}.Release|ARM.ActiveCfg = Release|Any CPU
		{E8952B2D-900A-405D-B209-8BF8F4B01FDF}.Release|ARM.Build.0 = Release|Any CPU
		{E8952B2D-900A-405D-B209-8BF8F4B01FDF}.Release|iPhone.ActiveCfg = Release|Any CPU
		{E8952B2D-900A-405D-B209-8BF8F4B01FDF}.Release|iPhone.Build.0 = Release|Any CPU
		{E8952B2D-900A-405D-B209-8BF8F4B01FDF}.Release|iPhoneSimulator.ActiveCfg = Release|Any CPU
		{E8952B2D-900A-405D-B209-8BF8F4B01FDF}.Release|iPhoneSimulator.Build.0 = Release|Any CPU
		{E8952B2D-900A-405D-B209-8BF8F4B01FDF}.Release|x64.ActiveCfg = Release|Any CPU
		{E8952B2D-900A-405D-B209-8BF8F4B01FDF}.Release|x64.Build.0 = Release|Any CPU
		{E8952B2D-900A-405D-B209-8BF8F4B01FDF}.Release|x86.ActiveCfg = Release|Any CPU
		{E8952B2D-900A-405D-B209-8BF8F4B01FDF}.Release|x86.Build.0 = Release|Any CPU
	EndGlobalSection
	GlobalSection(SolutionProperties) = preSolution
		HideSolutionNode = FALSE
	EndGlobalSection
EndGlobal
