
Microsoft Visual Studio Solution File, Format Version 12.00
# Visual Studio 14
VisualStudioVersion = 14.0.25123.0
MinimumVisualStudioVersion = 10.0.40219.1
Project("{FAE04EC0-301F-11D3-BF4B-00C04F79EFBC}") = "Base64Sample.Droid", "Base64Sample\Base64Sample.Droid\Base64Sample.Droid.csproj", "{2843FADE-227B-44C0-A2E3-CF782B05D56E}"
EndProject
Project("{FAE04EC0-301F-11D3-BF4B-00C04F79EFBC}") = "Base64Sample.iOS", "Base64Sample\Base64Sample.iOS\Base64Sample.iOS.csproj", "{83FCE1F5-86DE-46C9-B119-C8DB0DB15105}"
EndProject
Project("{FAE04EC0-301F-11D3-BF4B-00C04F79EFBC}") = "Base64Sample", "Base64Sample\Base64Sample\Base64Sample.csproj", "{658A6F43-4910-419D-9652-686DE2D1388E}"
EndProject
Global
	GlobalSection(SolutionConfigurationPlatforms) = preSolution
		Ad-Hoc|Any CPU = Ad-Hoc|Any CPU
		Ad-Hoc|ARM = Ad-Hoc|ARM
		Ad-Hoc|iPhone = Ad-Hoc|iPhone
		Ad-Hoc|iPhoneSimulator = Ad-Hoc|iPhoneSimulator
		Ad-Hoc|x64 = Ad-Hoc|x64
		Ad-Hoc|x86 = Ad-Hoc|x86
		AppStore|Any CPU = AppStore|Any CPU
		AppStore|ARM = AppStore|ARM
		AppStore|iPhone = AppStore|iPhone
		AppStore|iPhoneSimulator = AppStore|iPhoneSimulator
		AppStore|x64 = AppStore|x64
		AppStore|x86 = AppStore|x86
		Debug|Any CPU = Debug|Any CPU
		Debug|ARM = Debug|ARM
		Debug|iPhone = Debug|iPhone
		Debug|iPhoneSimulator = Debug|iPhoneSimulator
		Debug|x64 = Debug|x64
		Debug|x86 = Debug|x86
		Release|Any CPU = Release|Any CPU
		Release|ARM = Release|ARM
		Release|iPhone = Release|iPhone
		Release|iPhoneSimulator = Release|iPhoneSimulator
		Release|x64 = Release|x64
		Release|x86 = Release|x86
	EndGlobalSection
	GlobalSection(ProjectConfigurationPlatforms) = postSolution
		{2843FADE-227B-44C0-A2E3-CF782B05D56E}.Ad-Hoc|Any CPU.ActiveCfg = Release|Any CPU
		{2843FADE-227B-44C0-A2E3-CF782B05D56E}.Ad-Hoc|Any CPU.Build.0 = Release|Any CPU
		{2843FADE-227B-44C0-A2E3-CF782B05D56E}.Ad-Hoc|Any CPU.Deploy.0 = Release|Any CPU
		{2843FADE-227B-44C0-A2E3-CF782B05D56E}.Ad-Hoc|ARM.ActiveCfg = Release|Any CPU
		{2843FADE-227B-44C0-A2E3-CF782B05D56E}.Ad-Hoc|ARM.Build.0 = Release|Any CPU
		{2843FADE-227B-44C0-A2E3-CF782B05D56E}.Ad-Hoc|ARM.Deploy.0 = Release|Any CPU
		{2843FADE-227B-44C0-A2E3-CF782B05D56E}.Ad-Hoc|iPhone.ActiveCfg = Release|Any CPU
		{2843FADE-227B-44C0-A2E3-CF782B05D56E}.Ad-Hoc|iPhone.Build.0 = Release|Any CPU
		{2843FADE-227B-44C0-A2E3-CF782B05D56E}.Ad-Hoc|iPhone.Deploy.0 = Release|Any CPU
		{2843FADE-227B-44C0-A2E3-CF782B05D56E}.Ad-Hoc|iPhoneSimulator.ActiveCfg = Release|Any CPU
		{2843FADE-227B-44C0-A2E3-CF782B05D56E}.Ad-Hoc|iPhoneSimulator.Build.0 = Release|Any CPU
		{2843FADE-227B-44C0-A2E3-CF782B05D56E}.Ad-Hoc|iPhoneSimulator.Deploy.0 = Release|Any CPU
		{2843FADE-227B-44C0-A2E3-CF782B05D56E}.Ad-Hoc|x64.ActiveCfg = Release|Any CPU
		{2843FADE-227B-44C0-A2E3-CF782B05D56E}.Ad-Hoc|x64.Build.0 = Release|Any CPU
		{2843FADE-227B-44C0-A2E3-CF782B05D56E}.Ad-Hoc|x64.Deploy.0 = Release|Any CPU
		{2843FADE-227B-44C0-A2E3-CF782B05D56E}.Ad-Hoc|x86.ActiveCfg = Release|Any CPU
		{2843FADE-227B-44C0-A2E3-CF782B05D56E}.Ad-Hoc|x86.Build.0 = Release|Any CPU
		{2843FADE-227B-44C0-A2E3-CF782B05D56E}.Ad-Hoc|x86.Deploy.0 = Release|Any CPU
		{2843FADE-227B-44C0-A2E3-CF782B05D56E}.AppStore|Any CPU.ActiveCfg = Release|Any CPU
		{2843FADE-227B-44C0-A2E3-CF782B05D56E}.AppStore|Any CPU.Build.0 = Release|Any CPU
		{2843FADE-227B-44C0-A2E3-CF782B05D56E}.AppStore|Any CPU.Deploy.0 = Release|Any CPU
		{2843FADE-227B-44C0-A2E3-CF782B05D56E}.AppStore|ARM.ActiveCfg = Release|Any CPU
		{2843FADE-227B-44C0-A2E3-CF782B05D56E}.AppStore|ARM.Build.0 = Release|Any CPU
		{2843FADE-227B-44C0-A2E3-CF782B05D56E}.AppStore|ARM.Deploy.0 = Release|Any CPU
		{2843FADE-227B-44C0-A2E3-CF782B05D56E}.AppStore|iPhone.ActiveCfg = Release|Any CPU
		{2843FADE-227B-44C0-A2E3-CF782B05D56E}.AppStore|iPhone.Build.0 = Release|Any CPU
		{2843FADE-227B-44C0-A2E3-CF782B05D56E}.AppStore|iPhone.Deploy.0 = Release|Any CPU
		{2843FADE-227B-44C0-A2E3-CF782B05D56E}.AppStore|iPhoneSimulator.ActiveCfg = Release|Any CPU
		{2843FADE-227B-44C0-A2E3-CF782B05D56E}.AppStore|iPhoneSimulator.Build.0 = Release|Any CPU
		{2843FADE-227B-44C0-A2E3-CF782B05D56E}.AppStore|iPhoneSimulator.Deploy.0 = Release|Any CPU
		{2843FADE-227B-44C0-A2E3-CF782B05D56E}.AppStore|x64.ActiveCfg = Release|Any CPU
		{2843FADE-227B-44C0-A2E3-CF782B05D56E}.AppStore|x64.Build.0 = Release|Any CPU
		{2843FADE-227B-44C0-A2E3-CF782B05D56E}.AppStore|x64.Deploy.0 = Release|Any CPU
		{2843FADE-227B-44C0-A2E3-CF782B05D56E}.AppStore|x86.ActiveCfg = Release|Any CPU
		{2843FADE-227B-44C0-A2E3-CF782B05D56E}.AppStore|x86.Build.0 = Release|Any CPU
		{2843FADE-227B-44C0-A2E3-CF782B05D56E}.AppStore|x86.Deploy.0 = Release|Any CPU
		{2843FADE-227B-44C0-A2E3-CF782B05D56E}.Debug|Any CPU.ActiveCfg = Debug|Any CPU
		{2843FADE-227B-44C0-A2E3-CF782B05D56E}.Debug|Any CPU.Build.0 = Debug|Any CPU
		{2843FADE-227B-44C0-A2E3-CF782B05D56E}.Debug|Any CPU.Deploy.0 = Debug|Any CPU
		{2843FADE-227B-44C0-A2E3-CF782B05D56E}.Debug|ARM.ActiveCfg = Debug|Any CPU
		{2843FADE-227B-44C0-A2E3-CF782B05D56E}.Debug|ARM.Build.0 = Debug|Any CPU
		{2843FADE-227B-44C0-A2E3-CF782B05D56E}.Debug|ARM.Deploy.0 = Debug|Any CPU
		{2843FADE-227B-44C0-A2E3-CF782B05D56E}.Debug|iPhone.ActiveCfg = Debug|Any CPU
		{2843FADE-227B-44C0-A2E3-CF782B05D56E}.Debug|iPhone.Build.0 = Debug|Any CPU
		{2843FADE-227B-44C0-A2E3-CF782B05D56E}.Debug|iPhone.Deploy.0 = Debug|Any CPU
		{2843FADE-227B-44C0-A2E3-CF782B05D56E}.Debug|iPhoneSimulator.ActiveCfg = Debug|Any CPU
		{2843FADE-227B-44C0-A2E3-CF782B05D56E}.Debug|iPhoneSimulator.Build.0 = Debug|Any CPU
		{2843FADE-227B-44C0-A2E3-CF782B05D56E}.Debug|iPhoneSimulator.Deploy.0 = Debug|Any CPU
		{2843FADE-227B-44C0-A2E3-CF782B05D56E}.Debug|x64.ActiveCfg = Debug|Any CPU
		{2843FADE-227B-44C0-A2E3-CF782B05D56E}.Debug|x64.Build.0 = Debug|Any CPU
		{2843FADE-227B-44C0-A2E3-CF782B05D56E}.Debug|x64.Deploy.0 = Debug|Any CPU
		{2843FADE-227B-44C0-A2E3-CF782B05D56E}.Debug|x86.ActiveCfg = Debug|Any CPU
		{2843FADE-227B-44C0-A2E3-CF782B05D56E}.Debug|x86.Build.0 = Debug|Any CPU
		{2843FADE-227B-44C0-A2E3-CF782B05D56E}.Debug|x86.Deploy.0 = Debug|Any CPU
		{2843FADE-227B-44C0-A2E3-CF782B05D56E}.Release|Any CPU.ActiveCfg = Release|Any CPU
		{2843FADE-227B-44C0-A2E3-CF782B05D56E}.Release|Any CPU.Build.0 = Release|Any CPU
		{2843FADE-227B-44C0-A2E3-CF782B05D56E}.Release|Any CPU.Deploy.0 = Release|Any CPU
		{2843FADE-227B-44C0-A2E3-CF782B05D56E}.Release|ARM.ActiveCfg = Release|Any CPU
		{2843FADE-227B-44C0-A2E3-CF782B05D56E}.Release|ARM.Build.0 = Release|Any CPU
		{2843FADE-227B-44C0-A2E3-CF782B05D56E}.Release|ARM.Deploy.0 = Release|Any CPU
		{2843FADE-227B-44C0-A2E3-CF782B05D56E}.Release|iPhone.ActiveCfg = Release|Any CPU
		{2843FADE-227B-44C0-A2E3-CF782B05D56E}.Release|iPhone.Build.0 = Release|Any CPU
		{2843FADE-227B-44C0-A2E3-CF782B05D56E}.Release|iPhone.Deploy.0 = Release|Any CPU
		{2843FADE-227B-44C0-A2E3-CF782B05D56E}.Release|iPhoneSimulator.ActiveCfg = Release|Any CPU
		{2843FADE-227B-44C0-A2E3-CF782B05D56E}.Release|iPhoneSimulator.Build.0 = Release|Any CPU
		{2843FADE-227B-44C0-A2E3-CF782B05D56E}.Release|iPhoneSimulator.Deploy.0 = Release|Any CPU
		{2843FADE-227B-44C0-A2E3-CF782B05D56E}.Release|x64.ActiveCfg = Release|Any CPU
		{2843FADE-227B-44C0-A2E3-CF782B05D56E}.Release|x64.Build.0 = Release|Any CPU
		{2843FADE-227B-44C0-A2E3-CF782B05D56E}.Release|x64.Deploy.0 = Release|Any CPU
		{2843FADE-227B-44C0-A2E3-CF782B05D56E}.Release|x86.ActiveCfg = Release|Any CPU
		{2843FADE-227B-44C0-A2E3-CF782B05D56E}.Release|x86.Build.0 = Release|Any CPU
		{2843FADE-227B-44C0-A2E3-CF782B05D56E}.Release|x86.Deploy.0 = Release|Any CPU
		{83FCE1F5-86DE-46C9-B119-C8DB0DB15105}.Ad-Hoc|Any CPU.ActiveCfg = Ad-Hoc|iPhone
		{83FCE1F5-86DE-46C9-B119-C8DB0DB15105}.Ad-Hoc|ARM.ActiveCfg = Ad-Hoc|iPhone
		{83FCE1F5-86DE-46C9-B119-C8DB0DB15105}.Ad-Hoc|iPhone.ActiveCfg = Ad-Hoc|iPhone
		{83FCE1F5-86DE-46C9-B119-C8DB0DB15105}.Ad-Hoc|iPhone.Build.0 = Ad-Hoc|iPhone
		{83FCE1F5-86DE-46C9-B119-C8DB0DB15105}.Ad-Hoc|iPhoneSimulator.ActiveCfg = Ad-Hoc|iPhoneSimulator
		{83FCE1F5-86DE-46C9-B119-C8DB0DB15105}.Ad-Hoc|iPhoneSimulator.Build.0 = Ad-Hoc|iPhoneSimulator
		{83FCE1F5-86DE-46C9-B119-C8DB0DB15105}.Ad-Hoc|x64.ActiveCfg = Ad-Hoc|iPhone
		{83FCE1F5-86DE-46C9-B119-C8DB0DB15105}.Ad-Hoc|x86.ActiveCfg = Ad-Hoc|iPhone
		{83FCE1F5-86DE-46C9-B119-C8DB0DB15105}.AppStore|Any CPU.ActiveCfg = AppStore|iPhone
		{83FCE1F5-86DE-46C9-B119-C8DB0DB15105}.AppStore|ARM.ActiveCfg = AppStore|iPhone
		{83FCE1F5-86DE-46C9-B119-C8DB0DB15105}.AppStore|iPhone.ActiveCfg = AppStore|iPhone
		{83FCE1F5-86DE-46C9-B119-C8DB0DB15105}.AppStore|iPhone.Build.0 = AppStore|iPhone
		{83FCE1F5-86DE-46C9-B119-C8DB0DB15105}.AppStore|iPhoneSimulator.ActiveCfg = AppStore|iPhoneSimulator
		{83FCE1F5-86DE-46C9-B119-C8DB0DB15105}.AppStore|iPhoneSimulator.Build.0 = AppStore|iPhoneSimulator
		{83FCE1F5-86DE-46C9-B119-C8DB0DB15105}.AppStore|x64.ActiveCfg = AppStore|iPhone
		{83FCE1F5-86DE-46C9-B119-C8DB0DB15105}.AppStore|x86.ActiveCfg = AppStore|iPhone
		{83FCE1F5-86DE-46C9-B119-C8DB0DB15105}.Debug|Any CPU.ActiveCfg = Debug|iPhone
		{83FCE1F5-86DE-46C9-B119-C8DB0DB15105}.Debug|ARM.ActiveCfg = Debug|iPhone
		{83FCE1F5-86DE-46C9-B119-C8DB0DB15105}.Debug|iPhone.ActiveCfg = Debug|iPhone
		{83FCE1F5-86DE-46C9-B119-C8DB0DB15105}.Debug|iPhone.Build.0 = Debug|iPhone
		{83FCE1F5-86DE-46C9-B119-C8DB0DB15105}.Debug|iPhoneSimulator.ActiveCfg = Debug|iPhoneSimulator
		{83FCE1F5-86DE-46C9-B119-C8DB0DB15105}.Debug|iPhoneSimulator.Build.0 = Debug|iPhoneSimulator
		{83FCE1F5-86DE-46C9-B119-C8DB0DB15105}.Debug|x64.ActiveCfg = Debug|iPhone
		{83FCE1F5-86DE-46C9-B119-C8DB0DB15105}.Debug|x86.ActiveCfg = Debug|iPhone
		{83FCE1F5-86DE-46C9-B119-C8DB0DB15105}.Release|Any CPU.ActiveCfg = Release|iPhone
		{83FCE1F5-86DE-46C9-B119-C8DB0DB15105}.Release|ARM.ActiveCfg = Release|iPhone
		{83FCE1F5-86DE-46C9-B119-C8DB0DB15105}.Release|iPhone.ActiveCfg = Release|iPhone
		{83FCE1F5-86DE-46C9-B119-C8DB0DB15105}.Release|iPhone.Build.0 = Release|iPhone
		{83FCE1F5-86DE-46C9-B119-C8DB0DB15105}.Release|iPhoneSimulator.ActiveCfg = Release|iPhoneSimulator
		{83FCE1F5-86DE-46C9-B119-C8DB0DB15105}.Release|iPhoneSimulator.Build.0 = Release|iPhoneSimulator
		{83FCE1F5-86DE-46C9-B119-C8DB0DB15105}.Release|x64.ActiveCfg = Release|iPhone
		{83FCE1F5-86DE-46C9-B119-C8DB0DB15105}.Release|x86.ActiveCfg = Release|iPhone
		{658A6F43-4910-419D-9652-686DE2D1388E}.Ad-Hoc|Any CPU.ActiveCfg = Release|Any CPU
		{658A6F43-4910-419D-9652-686DE2D1388E}.Ad-Hoc|Any CPU.Build.0 = Release|Any CPU
		{658A6F43-4910-419D-9652-686DE2D1388E}.Ad-Hoc|ARM.ActiveCfg = Release|Any CPU
		{658A6F43-4910-419D-9652-686DE2D1388E}.Ad-Hoc|ARM.Build.0 = Release|Any CPU
		{658A6F43-4910-419D-9652-686DE2D1388E}.Ad-Hoc|iPhone.ActiveCfg = Release|Any CPU
		{658A6F43-4910-419D-9652-686DE2D1388E}.Ad-Hoc|iPhone.Build.0 = Release|Any CPU
		{658A6F43-4910-419D-9652-686DE2D1388E}.Ad-Hoc|iPhoneSimulator.ActiveCfg = Release|Any CPU
		{658A6F43-4910-419D-9652-686DE2D1388E}.Ad-Hoc|iPhoneSimulator.Build.0 = Release|Any CPU
		{658A6F43-4910-419D-9652-686DE2D1388E}.Ad-Hoc|x64.ActiveCfg = Release|Any CPU
		{658A6F43-4910-419D-9652-686DE2D1388E}.Ad-Hoc|x64.Build.0 = Release|Any CPU
		{658A6F43-4910-419D-9652-686DE2D1388E}.Ad-Hoc|x86.ActiveCfg = Release|Any CPU
		{658A6F43-4910-419D-9652-686DE2D1388E}.Ad-Hoc|x86.Build.0 = Release|Any CPU
		{658A6F43-4910-419D-9652-686DE2D1388E}.AppStore|Any CPU.ActiveCfg = Release|Any CPU
		{658A6F43-4910-419D-9652-686DE2D1388E}.AppStore|Any CPU.Build.0 = Release|Any CPU
		{658A6F43-4910-419D-9652-686DE2D1388E}.AppStore|ARM.ActiveCfg = Release|Any CPU
		{658A6F43-4910-419D-9652-686DE2D1388E}.AppStore|ARM.Build.0 = Release|Any CPU
		{658A6F43-4910-419D-9652-686DE2D1388E}.AppStore|iPhone.ActiveCfg = Release|Any CPU
		{658A6F43-4910-419D-9652-686DE2D1388E}.AppStore|iPhone.Build.0 = Release|Any CPU
		{658A6F43-4910-419D-9652-686DE2D1388E}.AppStore|iPhoneSimulator.ActiveCfg = Release|Any CPU
		{658A6F43-4910-419D-9652-686DE2D1388E}.AppStore|iPhoneSimulator.Build.0 = Release|Any CPU
		{658A6F43-4910-419D-9652-686DE2D1388E}.AppStore|x64.ActiveCfg = Release|Any CPU
		{658A6F43-4910-419D-9652-686DE2D1388E}.AppStore|x64.Build.0 = Release|Any CPU
		{658A6F43-4910-419D-9652-686DE2D1388E}.AppStore|x86.ActiveCfg = Release|Any CPU
		{658A6F43-4910-419D-9652-686DE2D1388E}.AppStore|x86.Build.0 = Release|Any CPU
		{658A6F43-4910-419D-9652-686DE2D1388E}.Debug|Any CPU.ActiveCfg = Debug|Any CPU
		{658A6F43-4910-419D-9652-686DE2D1388E}.Debug|Any CPU.Build.0 = Debug|Any CPU
		{658A6F43-4910-419D-9652-686DE2D1388E}.Debug|ARM.ActiveCfg = Debug|Any CPU
		{658A6F43-4910-419D-9652-686DE2D1388E}.Debug|ARM.Build.0 = Debug|Any CPU
		{658A6F43-4910-419D-9652-686DE2D1388E}.Debug|iPhone.ActiveCfg = Debug|Any CPU
		{658A6F43-4910-419D-9652-686DE2D1388E}.Debug|iPhone.Build.0 = Debug|Any CPU
		{658A6F43-4910-419D-9652-686DE2D1388E}.Debug|iPhoneSimulator.ActiveCfg = Debug|Any CPU
		{658A6F43-4910-419D-9652-686DE2D1388E}.Debug|iPhoneSimulator.Build.0 = Debug|Any CPU
		{658A6F43-4910-419D-9652-686DE2D1388E}.Debug|x64.ActiveCfg = Debug|Any CPU
		{658A6F43-4910-419D-9652-686DE2D1388E}.Debug|x64.Build.0 = Debug|Any CPU
		{658A6F43-4910-419D-9652-686DE2D1388E}.Debug|x86.ActiveCfg = Debug|Any CPU
		{658A6F43-4910-419D-9652-686DE2D1388E}.Debug|x86.Build.0 = Debug|Any CPU
		{658A6F43-4910-419D-9652-686DE2D1388E}.Release|Any CPU.ActiveCfg = Release|Any CPU
		{658A6F43-4910-419D-9652-686DE2D1388E}.Release|Any CPU.Build.0 = Release|Any CPU
		{658A6F43-4910-419D-9652-686DE2D1388E}.Release|ARM.ActiveCfg = Release|Any CPU
		{658A6F43-4910-419D-9652-686DE2D1388E}.Release|ARM.Build.0 = Release|Any CPU
		{658A6F43-4910-419D-9652-686DE2D1388E}.Release|iPhone.ActiveCfg = Release|Any CPU
		{658A6F43-4910-419D-9652-686DE2D1388E}.Release|iPhone.Build.0 = Release|Any CPU
		{658A6F43-4910-419D-9652-686DE2D1388E}.Release|iPhoneSimulator.ActiveCfg = Release|Any CPU
		{658A6F43-4910-419D-9652-686DE2D1388E}.Release|iPhoneSimulator.Build.0 = Release|Any CPU
		{658A6F43-4910-419D-9652-686DE2D1388E}.Release|x64.ActiveCfg = Release|Any CPU
		{658A6F43-4910-419D-9652-686DE2D1388E}.Release|x64.Build.0 = Release|Any CPU
		{658A6F43-4910-419D-9652-686DE2D1388E}.Release|x86.ActiveCfg = Release|Any CPU
		{658A6F43-4910-419D-9652-686DE2D1388E}.Release|x86.Build.0 = Release|Any CPU
	EndGlobalSection
	GlobalSection(SolutionProperties) = preSolution
		HideSolutionNode = FALSE
	EndGlobalSection
EndGlobal
