
Microsoft Visual Studio Solution File, Format Version 12.00
# Visual Studio 14
VisualStudioVersion = 14.0.25123.0
MinimumVisualStudioVersion = 10.0.40219.1
Project("{FAE04EC0-301F-11D3-BF4B-00C04F79EFBC}") = "ViewButtonSample.Droid", "ViewButtonSample\ViewButtonSample.Droid\ViewButtonSample.Droid.csproj", "{3BCDFE8A-E5CC-4C40-8152-BD4AB9728B59}"
EndProject
Project("{FAE04EC0-301F-11D3-BF4B-00C04F79EFBC}") = "ViewButtonSample.iOS", "ViewButtonSample\ViewButtonSample.iOS\ViewButtonSample.iOS.csproj", "{56FDEB7F-8383-428F-A725-4D2DADB24D18}"
EndProject
Project("{FAE04EC0-301F-11D3-BF4B-00C04F79EFBC}") = "ViewButtonSample", "ViewButtonSample\ViewButtonSample\ViewButtonSample.csproj", "{5749E251-DD75-42AE-9F34-1670B57CBB1F}"
EndProject
Global
	GlobalSection(SolutionConfigurationPlatforms) = preSolution
		Ad-Hoc|Any CPU = Ad-Hoc|Any CPU
		Ad-Hoc|ARM = Ad-Hoc|ARM
		Ad-Hoc|iPhone = Ad-Hoc|iPhone
		Ad-Hoc|iPhoneSimulator = Ad-Hoc|iPhoneSimulator
		Ad-Hoc|x64 = Ad-Hoc|x64
		Ad-Hoc|x86 = Ad-Hoc|x86
		AppStore|Any CPU = AppStore|Any CPU
		AppStore|ARM = AppStore|ARM
		AppStore|iPhone = AppStore|iPhone
		AppStore|iPhoneSimulator = AppStore|iPhoneSimulator
		AppStore|x64 = AppStore|x64
		AppStore|x86 = AppStore|x86
		Debug|Any CPU = Debug|Any CPU
		Debug|ARM = Debug|ARM
		Debug|iPhone = Debug|iPhone
		Debug|iPhoneSimulator = Debug|iPhoneSimulator
		Debug|x64 = Debug|x64
		Debug|x86 = Debug|x86
		Release|Any CPU = Release|Any CPU
		Release|ARM = Release|ARM
		Release|iPhone = Release|iPhone
		Release|iPhoneSimulator = Release|iPhoneSimulator
		Release|x64 = Release|x64
		Release|x86 = Release|x86
	EndGlobalSection
	GlobalSection(ProjectConfigurationPlatforms) = postSolution
		{3BCDFE8A-E5CC-4C40-8152-BD4AB9728B59}.Ad-Hoc|Any CPU.ActiveCfg = Release|Any CPU
		{3BCDFE8A-E5CC-4C40-8152-BD4AB9728B59}.Ad-Hoc|Any CPU.Build.0 = Release|Any CPU
		{3BCDFE8A-E5CC-4C40-8152-BD4AB9728B59}.Ad-Hoc|Any CPU.Deploy.0 = Release|Any CPU
		{3BCDFE8A-E5CC-4C40-8152-BD4AB9728B59}.Ad-Hoc|ARM.ActiveCfg = Release|Any CPU
		{3BCDFE8A-E5CC-4C40-8152-BD4AB9728B59}.Ad-Hoc|ARM.Build.0 = Release|Any CPU
		{3BCDFE8A-E5CC-4C40-8152-BD4AB9728B59}.Ad-Hoc|ARM.Deploy.0 = Release|Any CPU
		{3BCDFE8A-E5CC-4C40-8152-BD4AB9728B59}.Ad-Hoc|iPhone.ActiveCfg = Release|Any CPU
		{3BCDFE8A-E5CC-4C40-8152-BD4AB9728B59}.Ad-Hoc|iPhone.Build.0 = Release|Any CPU
		{3BCDFE8A-E5CC-4C40-8152-BD4AB9728B59}.Ad-Hoc|iPhone.Deploy.0 = Release|Any CPU
		{3BCDFE8A-E5CC-4C40-8152-BD4AB9728B59}.Ad-Hoc|iPhoneSimulator.ActiveCfg = Release|Any CPU
		{3BCDFE8A-E5CC-4C40-8152-BD4AB9728B59}.Ad-Hoc|iPhoneSimulator.Build.0 = Release|Any CPU
		{3BCDFE8A-E5CC-4C40-8152-BD4AB9728B59}.Ad-Hoc|iPhoneSimulator.Deploy.0 = Release|Any CPU
		{3BCDFE8A-E5CC-4C40-8152-BD4AB9728B59}.Ad-Hoc|x64.ActiveCfg = Release|Any CPU
		{3BCDFE8A-E5CC-4C40-8152-BD4AB9728B59}.Ad-Hoc|x64.Build.0 = Release|Any CPU
		{3BCDFE8A-E5CC-4C40-8152-BD4AB9728B59}.Ad-Hoc|x64.Deploy.0 = Release|Any CPU
		{3BCDFE8A-E5CC-4C40-8152-BD4AB9728B59}.Ad-Hoc|x86.ActiveCfg = Release|Any CPU
		{3BCDFE8A-E5CC-4C40-8152-BD4AB9728B59}.Ad-Hoc|x86.Build.0 = Release|Any CPU
		{3BCDFE8A-E5CC-4C40-8152-BD4AB9728B59}.Ad-Hoc|x86.Deploy.0 = Release|Any CPU
		{3BCDFE8A-E5CC-4C40-8152-BD4AB9728B59}.AppStore|Any CPU.ActiveCfg = Release|Any CPU
		{3BCDFE8A-E5CC-4C40-8152-BD4AB9728B59}.AppStore|Any CPU.Build.0 = Release|Any CPU
		{3BCDFE8A-E5CC-4C40-8152-BD4AB9728B59}.AppStore|Any CPU.Deploy.0 = Release|Any CPU
		{3BCDFE8A-E5CC-4C40-8152-BD4AB9728B59}.AppStore|ARM.ActiveCfg = Release|Any CPU
		{3BCDFE8A-E5CC-4C40-8152-BD4AB9728B59}.AppStore|ARM.Build.0 = Release|Any CPU
		{3BCDFE8A-E5CC-4C40-8152-BD4AB9728B59}.AppStore|ARM.Deploy.0 = Release|Any CPU
		{3BCDFE8A-E5CC-4C40-8152-BD4AB9728B59}.AppStore|iPhone.ActiveCfg = Release|Any CPU
		{3BCDFE8A-E5CC-4C40-8152-BD4AB9728B59}.AppStore|iPhone.Build.0 = Release|Any CPU
		{3BCDFE8A-E5CC-4C40-8152-BD4AB9728B59}.AppStore|iPhone.Deploy.0 = Release|Any CPU
		{3BCDFE8A-E5CC-4C40-8152-BD4AB9728B59}.AppStore|iPhoneSimulator.ActiveCfg = Release|Any CPU
		{3BCDFE8A-E5CC-4C40-8152-BD4AB9728B59}.AppStore|iPhoneSimulator.Build.0 = Release|Any CPU
		{3BCDFE8A-E5CC-4C40-8152-BD4AB9728B59}.AppStore|iPhoneSimulator.Deploy.0 = Release|Any CPU
		{3BCDFE8A-E5CC-4C40-8152-BD4AB9728B59}.AppStore|x64.ActiveCfg = Release|Any CPU
		{3BCDFE8A-E5CC-4C40-8152-BD4AB9728B59}.AppStore|x64.Build.0 = Release|Any CPU
		{3BCDFE8A-E5CC-4C40-8152-BD4AB9728B59}.AppStore|x64.Deploy.0 = Release|Any CPU
		{3BCDFE8A-E5CC-4C40-8152-BD4AB9728B59}.AppStore|x86.ActiveCfg = Release|Any CPU
		{3BCDFE8A-E5CC-4C40-8152-BD4AB9728B59}.AppStore|x86.Build.0 = Release|Any CPU
		{3BCDFE8A-E5CC-4C40-8152-BD4AB9728B59}.AppStore|x86.Deploy.0 = Release|Any CPU
		{3BCDFE8A-E5CC-4C40-8152-BD4AB9728B59}.Debug|Any CPU.ActiveCfg = Debug|Any CPU
		{3BCDFE8A-E5CC-4C40-8152-BD4AB9728B59}.Debug|Any CPU.Build.0 = Debug|Any CPU
		{3BCDFE8A-E5CC-4C40-8152-BD4AB9728B59}.Debug|Any CPU.Deploy.0 = Debug|Any CPU
		{3BCDFE8A-E5CC-4C40-8152-BD4AB9728B59}.Debug|ARM.ActiveCfg = Debug|Any CPU
		{3BCDFE8A-E5CC-4C40-8152-BD4AB9728B59}.Debug|ARM.Build.0 = Debug|Any CPU
		{3BCDFE8A-E5CC-4C40-8152-BD4AB9728B59}.Debug|ARM.Deploy.0 = Debug|Any CPU
		{3BCDFE8A-E5CC-4C40-8152-BD4AB9728B59}.Debug|iPhone.ActiveCfg = Debug|Any CPU
		{3BCDFE8A-E5CC-4C40-8152-BD4AB9728B59}.Debug|iPhone.Build.0 = Debug|Any CPU
		{3BCDFE8A-E5CC-4C40-8152-BD4AB9728B59}.Debug|iPhone.Deploy.0 = Debug|Any CPU
		{3BCDFE8A-E5CC-4C40-8152-BD4AB9728B59}.Debug|iPhoneSimulator.ActiveCfg = Debug|Any CPU
		{3BCDFE8A-E5CC-4C40-8152-BD4AB9728B59}.Debug|iPhoneSimulator.Build.0 = Debug|Any CPU
		{3BCDFE8A-E5CC-4C40-8152-BD4AB9728B59}.Debug|iPhoneSimulator.Deploy.0 = Debug|Any CPU
		{3BCDFE8A-E5CC-4C40-8152-BD4AB9728B59}.Debug|x64.ActiveCfg = Debug|Any CPU
		{3BCDFE8A-E5CC-4C40-8152-BD4AB9728B59}.Debug|x64.Build.0 = Debug|Any CPU
		{3BCDFE8A-E5CC-4C40-8152-BD4AB9728B59}.Debug|x64.Deploy.0 = Debug|Any CPU
		{3BCDFE8A-E5CC-4C40-8152-BD4AB9728B59}.Debug|x86.ActiveCfg = Debug|Any CPU
		{3BCDFE8A-E5CC-4C40-8152-BD4AB9728B59}.Debug|x86.Build.0 = Debug|Any CPU
		{3BCDFE8A-E5CC-4C40-8152-BD4AB9728B59}.Debug|x86.Deploy.0 = Debug|Any CPU
		{3BCDFE8A-E5CC-4C40-8152-BD4AB9728B59}.Release|Any CPU.ActiveCfg = Release|Any CPU
		{3BCDFE8A-E5CC-4C40-8152-BD4AB9728B59}.Release|Any CPU.Build.0 = Release|Any CPU
		{3BCDFE8A-E5CC-4C40-8152-BD4AB9728B59}.Release|Any CPU.Deploy.0 = Release|Any CPU
		{3BCDFE8A-E5CC-4C40-8152-BD4AB9728B59}.Release|ARM.ActiveCfg = Release|Any CPU
		{3BCDFE8A-E5CC-4C40-8152-BD4AB9728B59}.Release|ARM.Build.0 = Release|Any CPU
		{3BCDFE8A-E5CC-4C40-8152-BD4AB9728B59}.Release|ARM.Deploy.0 = Release|Any CPU
		{3BCDFE8A-E5CC-4C40-8152-BD4AB9728B59}.Release|iPhone.ActiveCfg = Release|Any CPU
		{3BCDFE8A-E5CC-4C40-8152-BD4AB9728B59}.Release|iPhone.Build.0 = Release|Any CPU
		{3BCDFE8A-E5CC-4C40-8152-BD4AB9728B59}.Release|iPhone.Deploy.0 = Release|Any CPU
		{3BCDFE8A-E5CC-4C40-8152-BD4AB9728B59}.Release|iPhoneSimulator.ActiveCfg = Release|Any CPU
		{3BCDFE8A-E5CC-4C40-8152-BD4AB9728B59}.Release|iPhoneSimulator.Build.0 = Release|Any CPU
		{3BCDFE8A-E5CC-4C40-8152-BD4AB9728B59}.Release|iPhoneSimulator.Deploy.0 = Release|Any CPU
		{3BCDFE8A-E5CC-4C40-8152-BD4AB9728B59}.Release|x64.ActiveCfg = Release|Any CPU
		{3BCDFE8A-E5CC-4C40-8152-BD4AB9728B59}.Release|x64.Build.0 = Release|Any CPU
		{3BCDFE8A-E5CC-4C40-8152-BD4AB9728B59}.Release|x64.Deploy.0 = Release|Any CPU
		{3BCDFE8A-E5CC-4C40-8152-BD4AB9728B59}.Release|x86.ActiveCfg = Release|Any CPU
		{3BCDFE8A-E5CC-4C40-8152-BD4AB9728B59}.Release|x86.Build.0 = Release|Any CPU
		{3BCDFE8A-E5CC-4C40-8152-BD4AB9728B59}.Release|x86.Deploy.0 = Release|Any CPU
		{56FDEB7F-8383-428F-A725-4D2DADB24D18}.Ad-Hoc|Any CPU.ActiveCfg = Ad-Hoc|iPhone
		{56FDEB7F-8383-428F-A725-4D2DADB24D18}.Ad-Hoc|ARM.ActiveCfg = Ad-Hoc|iPhone
		{56FDEB7F-8383-428F-A725-4D2DADB24D18}.Ad-Hoc|iPhone.ActiveCfg = Ad-Hoc|iPhone
		{56FDEB7F-8383-428F-A725-4D2DADB24D18}.Ad-Hoc|iPhone.Build.0 = Ad-Hoc|iPhone
		{56FDEB7F-8383-428F-A725-4D2DADB24D18}.Ad-Hoc|iPhoneSimulator.ActiveCfg = Ad-Hoc|iPhoneSimulator
		{56FDEB7F-8383-428F-A725-4D2DADB24D18}.Ad-Hoc|iPhoneSimulator.Build.0 = Ad-Hoc|iPhoneSimulator
		{56FDEB7F-8383-428F-A725-4D2DADB24D18}.Ad-Hoc|x64.ActiveCfg = Ad-Hoc|iPhone
		{56FDEB7F-8383-428F-A725-4D2DADB24D18}.Ad-Hoc|x86.ActiveCfg = Ad-Hoc|iPhone
		{56FDEB7F-8383-428F-A725-4D2DADB24D18}.AppStore|Any CPU.ActiveCfg = AppStore|iPhone
		{56FDEB7F-8383-428F-A725-4D2DADB24D18}.AppStore|ARM.ActiveCfg = AppStore|iPhone
		{56FDEB7F-8383-428F-A725-4D2DADB24D18}.AppStore|iPhone.ActiveCfg = AppStore|iPhone
		{56FDEB7F-8383-428F-A725-4D2DADB24D18}.AppStore|iPhone.Build.0 = AppStore|iPhone
		{56FDEB7F-8383-428F-A725-4D2DADB24D18}.AppStore|iPhoneSimulator.ActiveCfg = AppStore|iPhoneSimulator
		{56FDEB7F-8383-428F-A725-4D2DADB24D18}.AppStore|iPhoneSimulator.Build.0 = AppStore|iPhoneSimulator
		{56FDEB7F-8383-428F-A725-4D2DADB24D18}.AppStore|x64.ActiveCfg = AppStore|iPhone
		{56FDEB7F-8383-428F-A725-4D2DADB24D18}.AppStore|x86.ActiveCfg = AppStore|iPhone
		{56FDEB7F-8383-428F-A725-4D2DADB24D18}.Debug|Any CPU.ActiveCfg = Debug|iPhone
		{56FDEB7F-8383-428F-A725-4D2DADB24D18}.Debug|ARM.ActiveCfg = Debug|iPhone
		{56FDEB7F-8383-428F-A725-4D2DADB24D18}.Debug|iPhone.ActiveCfg = Debug|iPhone
		{56FDEB7F-8383-428F-A725-4D2DADB24D18}.Debug|iPhone.Build.0 = Debug|iPhone
		{56FDEB7F-8383-428F-A725-4D2DADB24D18}.Debug|iPhoneSimulator.ActiveCfg = Debug|iPhoneSimulator
		{56FDEB7F-8383-428F-A725-4D2DADB24D18}.Debug|iPhoneSimulator.Build.0 = Debug|iPhoneSimulator
		{56FDEB7F-8383-428F-A725-4D2DADB24D18}.Debug|x64.ActiveCfg = Debug|iPhone
		{56FDEB7F-8383-428F-A725-4D2DADB24D18}.Debug|x86.ActiveCfg = Debug|iPhone
		{56FDEB7F-8383-428F-A725-4D2DADB24D18}.Release|Any CPU.ActiveCfg = Release|iPhone
		{56FDEB7F-8383-428F-A725-4D2DADB24D18}.Release|ARM.ActiveCfg = Release|iPhone
		{56FDEB7F-8383-428F-A725-4D2DADB24D18}.Release|iPhone.ActiveCfg = Release|iPhone
		{56FDEB7F-8383-428F-A725-4D2DADB24D18}.Release|iPhone.Build.0 = Release|iPhone
		{56FDEB7F-8383-428F-A725-4D2DADB24D18}.Release|iPhoneSimulator.ActiveCfg = Release|iPhoneSimulator
		{56FDEB7F-8383-428F-A725-4D2DADB24D18}.Release|iPhoneSimulator.Build.0 = Release|iPhoneSimulator
		{56FDEB7F-8383-428F-A725-4D2DADB24D18}.Release|x64.ActiveCfg = Release|iPhone
		{56FDEB7F-8383-428F-A725-4D2DADB24D18}.Release|x86.ActiveCfg = Release|iPhone
		{5749E251-DD75-42AE-9F34-1670B57CBB1F}.Ad-Hoc|Any CPU.ActiveCfg = Release|Any CPU
		{5749E251-DD75-42AE-9F34-1670B57CBB1F}.Ad-Hoc|Any CPU.Build.0 = Release|Any CPU
		{5749E251-DD75-42AE-9F34-1670B57CBB1F}.Ad-Hoc|ARM.ActiveCfg = Release|Any CPU
		{5749E251-DD75-42AE-9F34-1670B57CBB1F}.Ad-Hoc|ARM.Build.0 = Release|Any CPU
		{5749E251-DD75-42AE-9F34-1670B57CBB1F}.Ad-Hoc|iPhone.ActiveCfg = Release|Any CPU
		{5749E251-DD75-42AE-9F34-1670B57CBB1F}.Ad-Hoc|iPhone.Build.0 = Release|Any CPU
		{5749E251-DD75-42AE-9F34-1670B57CBB1F}.Ad-Hoc|iPhoneSimulator.ActiveCfg = Release|Any CPU
		{5749E251-DD75-42AE-9F34-1670B57CBB1F}.Ad-Hoc|iPhoneSimulator.Build.0 = Release|Any CPU
		{5749E251-DD75-42AE-9F34-1670B57CBB1F}.Ad-Hoc|x64.ActiveCfg = Release|Any CPU
		{5749E251-DD75-42AE-9F34-1670B57CBB1F}.Ad-Hoc|x64.Build.0 = Release|Any CPU
		{5749E251-DD75-42AE-9F34-1670B57CBB1F}.Ad-Hoc|x86.ActiveCfg = Release|Any CPU
		{5749E251-DD75-42AE-9F34-1670B57CBB1F}.Ad-Hoc|x86.Build.0 = Release|Any CPU
		{5749E251-DD75-42AE-9F34-1670B57CBB1F}.AppStore|Any CPU.ActiveCfg = Release|Any CPU
		{5749E251-DD75-42AE-9F34-1670B57CBB1F}.AppStore|Any CPU.Build.0 = Release|Any CPU
		{5749E251-DD75-42AE-9F34-1670B57CBB1F}.AppStore|ARM.ActiveCfg = Release|Any CPU
		{5749E251-DD75-42AE-9F34-1670B57CBB1F}.AppStore|ARM.Build.0 = Release|Any CPU
		{5749E251-DD75-42AE-9F34-1670B57CBB1F}.AppStore|iPhone.ActiveCfg = Release|Any CPU
		{5749E251-DD75-42AE-9F34-1670B57CBB1F}.AppStore|iPhone.Build.0 = Release|Any CPU
		{5749E251-DD75-42AE-9F34-1670B57CBB1F}.AppStore|iPhoneSimulator.ActiveCfg = Release|Any CPU
		{5749E251-DD75-42AE-9F34-1670B57CBB1F}.AppStore|iPhoneSimulator.Build.0 = Release|Any CPU
		{5749E251-DD75-42AE-9F34-1670B57CBB1F}.AppStore|x64.ActiveCfg = Release|Any CPU
		{5749E251-DD75-42AE-9F34-1670B57CBB1F}.AppStore|x64.Build.0 = Release|Any CPU
		{5749E251-DD75-42AE-9F34-1670B57CBB1F}.AppStore|x86.ActiveCfg = Release|Any CPU
		{5749E251-DD75-42AE-9F34-1670B57CBB1F}.AppStore|x86.Build.0 = Release|Any CPU
		{5749E251-DD75-42AE-9F34-1670B57CBB1F}.Debug|Any CPU.ActiveCfg = Debug|Any CPU
		{5749E251-DD75-42AE-9F34-1670B57CBB1F}.Debug|Any CPU.Build.0 = Debug|Any CPU
		{5749E251-DD75-42AE-9F34-1670B57CBB1F}.Debug|ARM.ActiveCfg = Debug|Any CPU
		{5749E251-DD75-42AE-9F34-1670B57CBB1F}.Debug|ARM.Build.0 = Debug|Any CPU
		{5749E251-DD75-42AE-9F34-1670B57CBB1F}.Debug|iPhone.ActiveCfg = Debug|Any CPU
		{5749E251-DD75-42AE-9F34-1670B57CBB1F}.Debug|iPhone.Build.0 = Debug|Any CPU
		{5749E251-DD75-42AE-9F34-1670B57CBB1F}.Debug|iPhoneSimulator.ActiveCfg = Debug|Any CPU
		{5749E251-DD75-42AE-9F34-1670B57CBB1F}.Debug|iPhoneSimulator.Build.0 = Debug|Any CPU
		{5749E251-DD75-42AE-9F34-1670B57CBB1F}.Debug|x64.ActiveCfg = Debug|Any CPU
		{5749E251-DD75-42AE-9F34-1670B57CBB1F}.Debug|x64.Build.0 = Debug|Any CPU
		{5749E251-DD75-42AE-9F34-1670B57CBB1F}.Debug|x86.ActiveCfg = Debug|Any CPU
		{5749E251-DD75-42AE-9F34-1670B57CBB1F}.Debug|x86.Build.0 = Debug|Any CPU
		{5749E251-DD75-42AE-9F34-1670B57CBB1F}.Release|Any CPU.ActiveCfg = Release|Any CPU
		{5749E251-DD75-42AE-9F34-1670B57CBB1F}.Release|Any CPU.Build.0 = Release|Any CPU
		{5749E251-DD75-42AE-9F34-1670B57CBB1F}.Release|ARM.ActiveCfg = Release|Any CPU
		{5749E251-DD75-42AE-9F34-1670B57CBB1F}.Release|ARM.Build.0 = Release|Any CPU
		{5749E251-DD75-42AE-9F34-1670B57CBB1F}.Release|iPhone.ActiveCfg = Release|Any CPU
		{5749E251-DD75-42AE-9F34-1670B57CBB1F}.Release|iPhone.Build.0 = Release|Any CPU
		{5749E251-DD75-42AE-9F34-1670B57CBB1F}.Release|iPhoneSimulator.ActiveCfg = Release|Any CPU
		{5749E251-DD75-42AE-9F34-1670B57CBB1F}.Release|iPhoneSimulator.Build.0 = Release|Any CPU
		{5749E251-DD75-42AE-9F34-1670B57CBB1F}.Release|x64.ActiveCfg = Release|Any CPU
		{5749E251-DD75-42AE-9F34-1670B57CBB1F}.Release|x64.Build.0 = Release|Any CPU
		{5749E251-DD75-42AE-9F34-1670B57CBB1F}.Release|x86.ActiveCfg = Release|Any CPU
		{5749E251-DD75-42AE-9F34-1670B57CBB1F}.Release|x86.Build.0 = Release|Any CPU
	EndGlobalSection
	GlobalSection(SolutionProperties) = preSolution
		HideSolutionNode = FALSE
	EndGlobalSection
EndGlobal
