
Microsoft Visual Studio Solution File, Format Version 12.00
# Visual Studio 14
VisualStudioVersion = 14.0.25123.0
MinimumVisualStudioVersion = 10.0.40219.1
Project("{FAE04EC0-301F-11D3-BF4B-00C04F79EFBC}") = "ToolbarBadgeSample.Droid", "ToolbarBadgeSample\ToolbarBadgeSample.Droid\ToolbarBadgeSample.Droid.csproj", "{264E9958-167C-4B1A-9CB8-C913A5BD2F89}"
EndProject
Project("{FAE04EC0-301F-11D3-BF4B-00C04F79EFBC}") = "ToolbarBadgeSample.iOS", "ToolbarBadgeSample\ToolbarBadgeSample.iOS\ToolbarBadgeSample.iOS.csproj", "{F5B2E88A-C92E-492E-817B-E932F414B9E5}"
EndProject
Project("{FAE04EC0-301F-11D3-BF4B-00C04F79EFBC}") = "ToolbarBadgeSample", "ToolbarBadgeSample\ToolbarBadgeSample\ToolbarBadgeSample.csproj", "{0C2D5780-82A8-43F3-9465-4CA768435745}"
EndProject
Global
	GlobalSection(SolutionConfigurationPlatforms) = preSolution
		Ad-Hoc|Any CPU = Ad-Hoc|Any CPU
		Ad-Hoc|ARM = Ad-Hoc|ARM
		Ad-Hoc|iPhone = Ad-Hoc|iPhone
		Ad-Hoc|iPhoneSimulator = Ad-Hoc|iPhoneSimulator
		Ad-Hoc|x64 = Ad-Hoc|x64
		Ad-Hoc|x86 = Ad-Hoc|x86
		AppStore|Any CPU = AppStore|Any CPU
		AppStore|ARM = AppStore|ARM
		AppStore|iPhone = AppStore|iPhone
		AppStore|iPhoneSimulator = AppStore|iPhoneSimulator
		AppStore|x64 = AppStore|x64
		AppStore|x86 = AppStore|x86
		Debug|Any CPU = Debug|Any CPU
		Debug|ARM = Debug|ARM
		Debug|iPhone = Debug|iPhone
		Debug|iPhoneSimulator = Debug|iPhoneSimulator
		Debug|x64 = Debug|x64
		Debug|x86 = Debug|x86
		Release|Any CPU = Release|Any CPU
		Release|ARM = Release|ARM
		Release|iPhone = Release|iPhone
		Release|iPhoneSimulator = Release|iPhoneSimulator
		Release|x64 = Release|x64
		Release|x86 = Release|x86
	EndGlobalSection
	GlobalSection(ProjectConfigurationPlatforms) = postSolution
		{264E9958-167C-4B1A-9CB8-C913A5BD2F89}.Ad-Hoc|Any CPU.ActiveCfg = Release|Any CPU
		{264E9958-167C-4B1A-9CB8-C913A5BD2F89}.Ad-Hoc|Any CPU.Build.0 = Release|Any CPU
		{264E9958-167C-4B1A-9CB8-C913A5BD2F89}.Ad-Hoc|Any CPU.Deploy.0 = Release|Any CPU
		{264E9958-167C-4B1A-9CB8-C913A5BD2F89}.Ad-Hoc|ARM.ActiveCfg = Release|Any CPU
		{264E9958-167C-4B1A-9CB8-C913A5BD2F89}.Ad-Hoc|ARM.Build.0 = Release|Any CPU
		{264E9958-167C-4B1A-9CB8-C913A5BD2F89}.Ad-Hoc|ARM.Deploy.0 = Release|Any CPU
		{264E9958-167C-4B1A-9CB8-C913A5BD2F89}.Ad-Hoc|iPhone.ActiveCfg = Release|Any CPU
		{264E9958-167C-4B1A-9CB8-C913A5BD2F89}.Ad-Hoc|iPhone.Build.0 = Release|Any CPU
		{264E9958-167C-4B1A-9CB8-C913A5BD2F89}.Ad-Hoc|iPhone.Deploy.0 = Release|Any CPU
		{264E9958-167C-4B1A-9CB8-C913A5BD2F89}.Ad-Hoc|iPhoneSimulator.ActiveCfg = Release|Any CPU
		{264E9958-167C-4B1A-9CB8-C913A5BD2F89}.Ad-Hoc|iPhoneSimulator.Build.0 = Release|Any CPU
		{264E9958-167C-4B1A-9CB8-C913A5BD2F89}.Ad-Hoc|iPhoneSimulator.Deploy.0 = Release|Any CPU
		{264E9958-167C-4B1A-9CB8-C913A5BD2F89}.Ad-Hoc|x64.ActiveCfg = Release|Any CPU
		{264E9958-167C-4B1A-9CB8-C913A5BD2F89}.Ad-Hoc|x64.Build.0 = Release|Any CPU
		{264E9958-167C-4B1A-9CB8-C913A5BD2F89}.Ad-Hoc|x64.Deploy.0 = Release|Any CPU
		{264E9958-167C-4B1A-9CB8-C913A5BD2F89}.Ad-Hoc|x86.ActiveCfg = Release|Any CPU
		{264E9958-167C-4B1A-9CB8-C913A5BD2F89}.Ad-Hoc|x86.Build.0 = Release|Any CPU
		{264E9958-167C-4B1A-9CB8-C913A5BD2F89}.Ad-Hoc|x86.Deploy.0 = Release|Any CPU
		{264E9958-167C-4B1A-9CB8-C913A5BD2F89}.AppStore|Any CPU.ActiveCfg = Release|Any CPU
		{264E9958-167C-4B1A-9CB8-C913A5BD2F89}.AppStore|Any CPU.Build.0 = Release|Any CPU
		{264E9958-167C-4B1A-9CB8-C913A5BD2F89}.AppStore|Any CPU.Deploy.0 = Release|Any CPU
		{264E9958-167C-4B1A-9CB8-C913A5BD2F89}.AppStore|ARM.ActiveCfg = Release|Any CPU
		{264E9958-167C-4B1A-9CB8-C913A5BD2F89}.AppStore|ARM.Build.0 = Release|Any CPU
		{264E9958-167C-4B1A-9CB8-C913A5BD2F89}.AppStore|ARM.Deploy.0 = Release|Any CPU
		{264E9958-167C-4B1A-9CB8-C913A5BD2F89}.AppStore|iPhone.ActiveCfg = Release|Any CPU
		{264E9958-167C-4B1A-9CB8-C913A5BD2F89}.AppStore|iPhone.Build.0 = Release|Any CPU
		{264E9958-167C-4B1A-9CB8-C913A5BD2F89}.AppStore|iPhone.Deploy.0 = Release|Any CPU
		{264E9958-167C-4B1A-9CB8-C913A5BD2F89}.AppStore|iPhoneSimulator.ActiveCfg = Release|Any CPU
		{264E9958-167C-4B1A-9CB8-C913A5BD2F89}.AppStore|iPhoneSimulator.Build.0 = Release|Any CPU
		{264E9958-167C-4B1A-9CB8-C913A5BD2F89}.AppStore|iPhoneSimulator.Deploy.0 = Release|Any CPU
		{264E9958-167C-4B1A-9CB8-C913A5BD2F89}.AppStore|x64.ActiveCfg = Release|Any CPU
		{264E9958-167C-4B1A-9CB8-C913A5BD2F89}.AppStore|x64.Build.0 = Release|Any CPU
		{264E9958-167C-4B1A-9CB8-C913A5BD2F89}.AppStore|x64.Deploy.0 = Release|Any CPU
		{264E9958-167C-4B1A-9CB8-C913A5BD2F89}.AppStore|x86.ActiveCfg = Release|Any CPU
		{264E9958-167C-4B1A-9CB8-C913A5BD2F89}.AppStore|x86.Build.0 = Release|Any CPU
		{264E9958-167C-4B1A-9CB8-C913A5BD2F89}.AppStore|x86.Deploy.0 = Release|Any CPU
		{264E9958-167C-4B1A-9CB8-C913A5BD2F89}.Debug|Any CPU.ActiveCfg = Debug|Any CPU
		{264E9958-167C-4B1A-9CB8-C913A5BD2F89}.Debug|Any CPU.Build.0 = Debug|Any CPU
		{264E9958-167C-4B1A-9CB8-C913A5BD2F89}.Debug|Any CPU.Deploy.0 = Debug|Any CPU
		{264E9958-167C-4B1A-9CB8-C913A5BD2F89}.Debug|ARM.ActiveCfg = Debug|Any CPU
		{264E9958-167C-4B1A-9CB8-C913A5BD2F89}.Debug|ARM.Build.0 = Debug|Any CPU
		{264E9958-167C-4B1A-9CB8-C913A5BD2F89}.Debug|ARM.Deploy.0 = Debug|Any CPU
		{264E9958-167C-4B1A-9CB8-C913A5BD2F89}.Debug|iPhone.ActiveCfg = Debug|Any CPU
		{264E9958-167C-4B1A-9CB8-C913A5BD2F89}.Debug|iPhone.Build.0 = Debug|Any CPU
		{264E9958-167C-4B1A-9CB8-C913A5BD2F89}.Debug|iPhone.Deploy.0 = Debug|Any CPU
		{264E9958-167C-4B1A-9CB8-C913A5BD2F89}.Debug|iPhoneSimulator.ActiveCfg = Debug|Any CPU
		{264E9958-167C-4B1A-9CB8-C913A5BD2F89}.Debug|iPhoneSimulator.Build.0 = Debug|Any CPU
		{264E9958-167C-4B1A-9CB8-C913A5BD2F89}.Debug|iPhoneSimulator.Deploy.0 = Debug|Any CPU
		{264E9958-167C-4B1A-9CB8-C913A5BD2F89}.Debug|x64.ActiveCfg = Debug|Any CPU
		{264E9958-167C-4B1A-9CB8-C913A5BD2F89}.Debug|x64.Build.0 = Debug|Any CPU
		{264E9958-167C-4B1A-9CB8-C913A5BD2F89}.Debug|x64.Deploy.0 = Debug|Any CPU
		{264E9958-167C-4B1A-9CB8-C913A5BD2F89}.Debug|x86.ActiveCfg = Debug|Any CPU
		{264E9958-167C-4B1A-9CB8-C913A5BD2F89}.Debug|x86.Build.0 = Debug|Any CPU
		{264E9958-167C-4B1A-9CB8-C913A5BD2F89}.Debug|x86.Deploy.0 = Debug|Any CPU
		{264E9958-167C-4B1A-9CB8-C913A5BD2F89}.Release|Any CPU.ActiveCfg = Release|Any CPU
		{264E9958-167C-4B1A-9CB8-C913A5BD2F89}.Release|Any CPU.Build.0 = Release|Any CPU
		{264E9958-167C-4B1A-9CB8-C913A5BD2F89}.Release|Any CPU.Deploy.0 = Release|Any CPU
		{264E9958-167C-4B1A-9CB8-C913A5BD2F89}.Release|ARM.ActiveCfg = Release|Any CPU
		{264E9958-167C-4B1A-9CB8-C913A5BD2F89}.Release|ARM.Build.0 = Release|Any CPU
		{264E9958-167C-4B1A-9CB8-C913A5BD2F89}.Release|ARM.Deploy.0 = Release|Any CPU
		{264E9958-167C-4B1A-9CB8-C913A5BD2F89}.Release|iPhone.ActiveCfg = Release|Any CPU
		{264E9958-167C-4B1A-9CB8-C913A5BD2F89}.Release|iPhone.Build.0 = Release|Any CPU
		{264E9958-167C-4B1A-9CB8-C913A5BD2F89}.Release|iPhone.Deploy.0 = Release|Any CPU
		{264E9958-167C-4B1A-9CB8-C913A5BD2F89}.Release|iPhoneSimulator.ActiveCfg = Release|Any CPU
		{264E9958-167C-4B1A-9CB8-C913A5BD2F89}.Release|iPhoneSimulator.Build.0 = Release|Any CPU
		{264E9958-167C-4B1A-9CB8-C913A5BD2F89}.Release|iPhoneSimulator.Deploy.0 = Release|Any CPU
		{264E9958-167C-4B1A-9CB8-C913A5BD2F89}.Release|x64.ActiveCfg = Release|Any CPU
		{264E9958-167C-4B1A-9CB8-C913A5BD2F89}.Release|x64.Build.0 = Release|Any CPU
		{264E9958-167C-4B1A-9CB8-C913A5BD2F89}.Release|x64.Deploy.0 = Release|Any CPU
		{264E9958-167C-4B1A-9CB8-C913A5BD2F89}.Release|x86.ActiveCfg = Release|Any CPU
		{264E9958-167C-4B1A-9CB8-C913A5BD2F89}.Release|x86.Build.0 = Release|Any CPU
		{264E9958-167C-4B1A-9CB8-C913A5BD2F89}.Release|x86.Deploy.0 = Release|Any CPU
		{F5B2E88A-C92E-492E-817B-E932F414B9E5}.Ad-Hoc|Any CPU.ActiveCfg = Ad-Hoc|iPhone
		{F5B2E88A-C92E-492E-817B-E932F414B9E5}.Ad-Hoc|ARM.ActiveCfg = Ad-Hoc|iPhone
		{F5B2E88A-C92E-492E-817B-E932F414B9E5}.Ad-Hoc|iPhone.ActiveCfg = Ad-Hoc|iPhone
		{F5B2E88A-C92E-492E-817B-E932F414B9E5}.Ad-Hoc|iPhone.Build.0 = Ad-Hoc|iPhone
		{F5B2E88A-C92E-492E-817B-E932F414B9E5}.Ad-Hoc|iPhoneSimulator.ActiveCfg = Ad-Hoc|iPhoneSimulator
		{F5B2E88A-C92E-492E-817B-E932F414B9E5}.Ad-Hoc|iPhoneSimulator.Build.0 = Ad-Hoc|iPhoneSimulator
		{F5B2E88A-C92E-492E-817B-E932F414B9E5}.Ad-Hoc|x64.ActiveCfg = Ad-Hoc|iPhone
		{F5B2E88A-C92E-492E-817B-E932F414B9E5}.Ad-Hoc|x86.ActiveCfg = Ad-Hoc|iPhone
		{F5B2E88A-C92E-492E-817B-E932F414B9E5}.AppStore|Any CPU.ActiveCfg = AppStore|iPhone
		{F5B2E88A-C92E-492E-817B-E932F414B9E5}.AppStore|ARM.ActiveCfg = AppStore|iPhone
		{F5B2E88A-C92E-492E-817B-E932F414B9E5}.AppStore|iPhone.ActiveCfg = AppStore|iPhone
		{F5B2E88A-C92E-492E-817B-E932F414B9E5}.AppStore|iPhone.Build.0 = AppStore|iPhone
		{F5B2E88A-C92E-492E-817B-E932F414B9E5}.AppStore|iPhoneSimulator.ActiveCfg = AppStore|iPhoneSimulator
		{F5B2E88A-C92E-492E-817B-E932F414B9E5}.AppStore|iPhoneSimulator.Build.0 = AppStore|iPhoneSimulator
		{F5B2E88A-C92E-492E-817B-E932F414B9E5}.AppStore|x64.ActiveCfg = AppStore|iPhone
		{F5B2E88A-C92E-492E-817B-E932F414B9E5}.AppStore|x86.ActiveCfg = AppStore|iPhone
		{F5B2E88A-C92E-492E-817B-E932F414B9E5}.Debug|Any CPU.ActiveCfg = Debug|iPhone
		{F5B2E88A-C92E-492E-817B-E932F414B9E5}.Debug|ARM.ActiveCfg = Debug|iPhone
		{F5B2E88A-C92E-492E-817B-E932F414B9E5}.Debug|iPhone.ActiveCfg = Debug|iPhone
		{F5B2E88A-C92E-492E-817B-E932F414B9E5}.Debug|iPhone.Build.0 = Debug|iPhone
		{F5B2E88A-C92E-492E-817B-E932F414B9E5}.Debug|iPhoneSimulator.ActiveCfg = Debug|iPhoneSimulator
		{F5B2E88A-C92E-492E-817B-E932F414B9E5}.Debug|iPhoneSimulator.Build.0 = Debug|iPhoneSimulator
		{F5B2E88A-C92E-492E-817B-E932F414B9E5}.Debug|x64.ActiveCfg = Debug|iPhone
		{F5B2E88A-C92E-492E-817B-E932F414B9E5}.Debug|x86.ActiveCfg = Debug|iPhone
		{F5B2E88A-C92E-492E-817B-E932F414B9E5}.Release|Any CPU.ActiveCfg = Release|iPhone
		{F5B2E88A-C92E-492E-817B-E932F414B9E5}.Release|ARM.ActiveCfg = Release|iPhone
		{F5B2E88A-C92E-492E-817B-E932F414B9E5}.Release|iPhone.ActiveCfg = Release|iPhone
		{F5B2E88A-C92E-492E-817B-E932F414B9E5}.Release|iPhone.Build.0 = Release|iPhone
		{F5B2E88A-C92E-492E-817B-E932F414B9E5}.Release|iPhoneSimulator.ActiveCfg = Release|iPhoneSimulator
		{F5B2E88A-C92E-492E-817B-E932F414B9E5}.Release|iPhoneSimulator.Build.0 = Release|iPhoneSimulator
		{F5B2E88A-C92E-492E-817B-E932F414B9E5}.Release|x64.ActiveCfg = Release|iPhone
		{F5B2E88A-C92E-492E-817B-E932F414B9E5}.Release|x86.ActiveCfg = Release|iPhone
		{0C2D5780-82A8-43F3-9465-4CA768435745}.Ad-Hoc|Any CPU.ActiveCfg = Release|Any CPU
		{0C2D5780-82A8-43F3-9465-4CA768435745}.Ad-Hoc|Any CPU.Build.0 = Release|Any CPU
		{0C2D5780-82A8-43F3-9465-4CA768435745}.Ad-Hoc|ARM.ActiveCfg = Release|Any CPU
		{0C2D5780-82A8-43F3-9465-4CA768435745}.Ad-Hoc|ARM.Build.0 = Release|Any CPU
		{0C2D5780-82A8-43F3-9465-4CA768435745}.Ad-Hoc|iPhone.ActiveCfg = Release|Any CPU
		{0C2D5780-82A8-43F3-9465-4CA768435745}.Ad-Hoc|iPhone.Build.0 = Release|Any CPU
		{0C2D5780-82A8-43F3-9465-4CA768435745}.Ad-Hoc|iPhoneSimulator.ActiveCfg = Release|Any CPU
		{0C2D5780-82A8-43F3-9465-4CA768435745}.Ad-Hoc|iPhoneSimulator.Build.0 = Release|Any CPU
		{0C2D5780-82A8-43F3-9465-4CA768435745}.Ad-Hoc|x64.ActiveCfg = Release|Any CPU
		{0C2D5780-82A8-43F3-9465-4CA768435745}.Ad-Hoc|x64.Build.0 = Release|Any CPU
		{0C2D5780-82A8-43F3-9465-4CA768435745}.Ad-Hoc|x86.ActiveCfg = Release|Any CPU
		{0C2D5780-82A8-43F3-9465-4CA768435745}.Ad-Hoc|x86.Build.0 = Release|Any CPU
		{0C2D5780-82A8-43F3-9465-4CA768435745}.AppStore|Any CPU.ActiveCfg = Release|Any CPU
		{0C2D5780-82A8-43F3-9465-4CA768435745}.AppStore|Any CPU.Build.0 = Release|Any CPU
		{0C2D5780-82A8-43F3-9465-4CA768435745}.AppStore|ARM.ActiveCfg = Release|Any CPU
		{0C2D5780-82A8-43F3-9465-4CA768435745}.AppStore|ARM.Build.0 = Release|Any CPU
		{0C2D5780-82A8-43F3-9465-4CA768435745}.AppStore|iPhone.ActiveCfg = Release|Any CPU
		{0C2D5780-82A8-43F3-9465-4CA768435745}.AppStore|iPhone.Build.0 = Release|Any CPU
		{0C2D5780-82A8-43F3-9465-4CA768435745}.AppStore|iPhoneSimulator.ActiveCfg = Release|Any CPU
		{0C2D5780-82A8-43F3-9465-4CA768435745}.AppStore|iPhoneSimulator.Build.0 = Release|Any CPU
		{0C2D5780-82A8-43F3-9465-4CA768435745}.AppStore|x64.ActiveCfg = Release|Any CPU
		{0C2D5780-82A8-43F3-9465-4CA768435745}.AppStore|x64.Build.0 = Release|Any CPU
		{0C2D5780-82A8-43F3-9465-4CA768435745}.AppStore|x86.ActiveCfg = Release|Any CPU
		{0C2D5780-82A8-43F3-9465-4CA768435745}.AppStore|x86.Build.0 = Release|Any CPU
		{0C2D5780-82A8-43F3-9465-4CA768435745}.Debug|Any CPU.ActiveCfg = Debug|Any CPU
		{0C2D5780-82A8-43F3-9465-4CA768435745}.Debug|Any CPU.Build.0 = Debug|Any CPU
		{0C2D5780-82A8-43F3-9465-4CA768435745}.Debug|ARM.ActiveCfg = Debug|Any CPU
		{0C2D5780-82A8-43F3-9465-4CA768435745}.Debug|ARM.Build.0 = Debug|Any CPU
		{0C2D5780-82A8-43F3-9465-4CA768435745}.Debug|iPhone.ActiveCfg = Debug|Any CPU
		{0C2D5780-82A8-43F3-9465-4CA768435745}.Debug|iPhone.Build.0 = Debug|Any CPU
		{0C2D5780-82A8-43F3-9465-4CA768435745}.Debug|iPhoneSimulator.ActiveCfg = Debug|Any CPU
		{0C2D5780-82A8-43F3-9465-4CA768435745}.Debug|iPhoneSimulator.Build.0 = Debug|Any CPU
		{0C2D5780-82A8-43F3-9465-4CA768435745}.Debug|x64.ActiveCfg = Debug|Any CPU
		{0C2D5780-82A8-43F3-9465-4CA768435745}.Debug|x64.Build.0 = Debug|Any CPU
		{0C2D5780-82A8-43F3-9465-4CA768435745}.Debug|x86.ActiveCfg = Debug|Any CPU
		{0C2D5780-82A8-43F3-9465-4CA768435745}.Debug|x86.Build.0 = Debug|Any CPU
		{0C2D5780-82A8-43F3-9465-4CA768435745}.Release|Any CPU.ActiveCfg = Release|Any CPU
		{0C2D5780-82A8-43F3-9465-4CA768435745}.Release|Any CPU.Build.0 = Release|Any CPU
		{0C2D5780-82A8-43F3-9465-4CA768435745}.Release|ARM.ActiveCfg = Release|Any CPU
		{0C2D5780-82A8-43F3-9465-4CA768435745}.Release|ARM.Build.0 = Release|Any CPU
		{0C2D5780-82A8-43F3-9465-4CA768435745}.Release|iPhone.ActiveCfg = Release|Any CPU
		{0C2D5780-82A8-43F3-9465-4CA768435745}.Release|iPhone.Build.0 = Release|Any CPU
		{0C2D5780-82A8-43F3-9465-4CA768435745}.Release|iPhoneSimulator.ActiveCfg = Release|Any CPU
		{0C2D5780-82A8-43F3-9465-4CA768435745}.Release|iPhoneSimulator.Build.0 = Release|Any CPU
		{0C2D5780-82A8-43F3-9465-4CA768435745}.Release|x64.ActiveCfg = Release|Any CPU
		{0C2D5780-82A8-43F3-9465-4CA768435745}.Release|x64.Build.0 = Release|Any CPU
		{0C2D5780-82A8-43F3-9465-4CA768435745}.Release|x86.ActiveCfg = Release|Any CPU
		{0C2D5780-82A8-43F3-9465-4CA768435745}.Release|x86.Build.0 = Release|Any CPU
	EndGlobalSection
	GlobalSection(SolutionProperties) = preSolution
		HideSolutionNode = FALSE
	EndGlobalSection
EndGlobal
