
Microsoft Visual Studio Solution File, Format Version 12.00
# Visual Studio 14
VisualStudioVersion = 14.0.25123.0
MinimumVisualStudioVersion = 10.0.40219.1
Project("{FAE04EC0-301F-11D3-BF4B-00C04F79EFBC}") = "SvgSample.Droid", "SvgSample\SvgSample.Droid\SvgSample.Droid.csproj", "{1E1D4C32-1154-4ED4-95C0-AE45B714EA1D}"
EndProject
Project("{FAE04EC0-301F-11D3-BF4B-00C04F79EFBC}") = "SvgSample.iOS", "SvgSample\SvgSample.iOS\SvgSample.iOS.csproj", "{9BF0D707-96FB-409F-AAE4-7426A99C74AE}"
EndProject
Project("{FAE04EC0-301F-11D3-BF4B-00C04F79EFBC}") = "SvgSample", "SvgSample\SvgSample\SvgSample.csproj", "{FFF68FB4-5E0A-45CD-A700-974A384508D5}"
EndProject
Global
	GlobalSection(SolutionConfigurationPlatforms) = preSolution
		Ad-Hoc|Any CPU = Ad-Hoc|Any CPU
		Ad-Hoc|ARM = Ad-Hoc|ARM
		Ad-Hoc|iPhone = Ad-Hoc|iPhone
		Ad-Hoc|iPhoneSimulator = Ad-Hoc|iPhoneSimulator
		Ad-Hoc|x64 = Ad-Hoc|x64
		Ad-Hoc|x86 = Ad-Hoc|x86
		AppStore|Any CPU = AppStore|Any CPU
		AppStore|ARM = AppStore|ARM
		AppStore|iPhone = AppStore|iPhone
		AppStore|iPhoneSimulator = AppStore|iPhoneSimulator
		AppStore|x64 = AppStore|x64
		AppStore|x86 = AppStore|x86
		Debug|Any CPU = Debug|Any CPU
		Debug|ARM = Debug|ARM
		Debug|iPhone = Debug|iPhone
		Debug|iPhoneSimulator = Debug|iPhoneSimulator
		Debug|x64 = Debug|x64
		Debug|x86 = Debug|x86
		Release|Any CPU = Release|Any CPU
		Release|ARM = Release|ARM
		Release|iPhone = Release|iPhone
		Release|iPhoneSimulator = Release|iPhoneSimulator
		Release|x64 = Release|x64
		Release|x86 = Release|x86
	EndGlobalSection
	GlobalSection(ProjectConfigurationPlatforms) = postSolution
		{1E1D4C32-1154-4ED4-95C0-AE45B714EA1D}.Ad-Hoc|Any CPU.ActiveCfg = Release|Any CPU
		{1E1D4C32-1154-4ED4-95C0-AE45B714EA1D}.Ad-Hoc|Any CPU.Build.0 = Release|Any CPU
		{1E1D4C32-1154-4ED4-95C0-AE45B714EA1D}.Ad-Hoc|Any CPU.Deploy.0 = Release|Any CPU
		{1E1D4C32-1154-4ED4-95C0-AE45B714EA1D}.Ad-Hoc|ARM.ActiveCfg = Release|Any CPU
		{1E1D4C32-1154-4ED4-95C0-AE45B714EA1D}.Ad-Hoc|ARM.Build.0 = Release|Any CPU
		{1E1D4C32-1154-4ED4-95C0-AE45B714EA1D}.Ad-Hoc|ARM.Deploy.0 = Release|Any CPU
		{1E1D4C32-1154-4ED4-95C0-AE45B714EA1D}.Ad-Hoc|iPhone.ActiveCfg = Release|Any CPU
		{1E1D4C32-1154-4ED4-95C0-AE45B714EA1D}.Ad-Hoc|iPhone.Build.0 = Release|Any CPU
		{1E1D4C32-1154-4ED4-95C0-AE45B714EA1D}.Ad-Hoc|iPhone.Deploy.0 = Release|Any CPU
		{1E1D4C32-1154-4ED4-95C0-AE45B714EA1D}.Ad-Hoc|iPhoneSimulator.ActiveCfg = Release|Any CPU
		{1E1D4C32-1154-4ED4-95C0-AE45B714EA1D}.Ad-Hoc|iPhoneSimulator.Build.0 = Release|Any CPU
		{1E1D4C32-1154-4ED4-95C0-AE45B714EA1D}.Ad-Hoc|iPhoneSimulator.Deploy.0 = Release|Any CPU
		{1E1D4C32-1154-4ED4-95C0-AE45B714EA1D}.Ad-Hoc|x64.ActiveCfg = Release|Any CPU
		{1E1D4C32-1154-4ED4-95C0-AE45B714EA1D}.Ad-Hoc|x64.Build.0 = Release|Any CPU
		{1E1D4C32-1154-4ED4-95C0-AE45B714EA1D}.Ad-Hoc|x64.Deploy.0 = Release|Any CPU
		{1E1D4C32-1154-4ED4-95C0-AE45B714EA1D}.Ad-Hoc|x86.ActiveCfg = Release|Any CPU
		{1E1D4C32-1154-4ED4-95C0-AE45B714EA1D}.Ad-Hoc|x86.Build.0 = Release|Any CPU
		{1E1D4C32-1154-4ED4-95C0-AE45B714EA1D}.Ad-Hoc|x86.Deploy.0 = Release|Any CPU
		{1E1D4C32-1154-4ED4-95C0-AE45B714EA1D}.AppStore|Any CPU.ActiveCfg = Release|Any CPU
		{1E1D4C32-1154-4ED4-95C0-AE45B714EA1D}.AppStore|Any CPU.Build.0 = Release|Any CPU
		{1E1D4C32-1154-4ED4-95C0-AE45B714EA1D}.AppStore|Any CPU.Deploy.0 = Release|Any CPU
		{1E1D4C32-1154-4ED4-95C0-AE45B714EA1D}.AppStore|ARM.ActiveCfg = Release|Any CPU
		{1E1D4C32-1154-4ED4-95C0-AE45B714EA1D}.AppStore|ARM.Build.0 = Release|Any CPU
		{1E1D4C32-1154-4ED4-95C0-AE45B714EA1D}.AppStore|ARM.Deploy.0 = Release|Any CPU
		{1E1D4C32-1154-4ED4-95C0-AE45B714EA1D}.AppStore|iPhone.ActiveCfg = Release|Any CPU
		{1E1D4C32-1154-4ED4-95C0-AE45B714EA1D}.AppStore|iPhone.Build.0 = Release|Any CPU
		{1E1D4C32-1154-4ED4-95C0-AE45B714EA1D}.AppStore|iPhone.Deploy.0 = Release|Any CPU
		{1E1D4C32-1154-4ED4-95C0-AE45B714EA1D}.AppStore|iPhoneSimulator.ActiveCfg = Release|Any CPU
		{1E1D4C32-1154-4ED4-95C0-AE45B714EA1D}.AppStore|iPhoneSimulator.Build.0 = Release|Any CPU
		{1E1D4C32-1154-4ED4-95C0-AE45B714EA1D}.AppStore|iPhoneSimulator.Deploy.0 = Release|Any CPU
		{1E1D4C32-1154-4ED4-95C0-AE45B714EA1D}.AppStore|x64.ActiveCfg = Release|Any CPU
		{1E1D4C32-1154-4ED4-95C0-AE45B714EA1D}.AppStore|x64.Build.0 = Release|Any CPU
		{1E1D4C32-1154-4ED4-95C0-AE45B714EA1D}.AppStore|x64.Deploy.0 = Release|Any CPU
		{1E1D4C32-1154-4ED4-95C0-AE45B714EA1D}.AppStore|x86.ActiveCfg = Release|Any CPU
		{1E1D4C32-1154-4ED4-95C0-AE45B714EA1D}.AppStore|x86.Build.0 = Release|Any CPU
		{1E1D4C32-1154-4ED4-95C0-AE45B714EA1D}.AppStore|x86.Deploy.0 = Release|Any CPU
		{1E1D4C32-1154-4ED4-95C0-AE45B714EA1D}.Debug|Any CPU.ActiveCfg = Debug|Any CPU
		{1E1D4C32-1154-4ED4-95C0-AE45B714EA1D}.Debug|Any CPU.Build.0 = Debug|Any CPU
		{1E1D4C32-1154-4ED4-95C0-AE45B714EA1D}.Debug|Any CPU.Deploy.0 = Debug|Any CPU
		{1E1D4C32-1154-4ED4-95C0-AE45B714EA1D}.Debug|ARM.ActiveCfg = Debug|Any CPU
		{1E1D4C32-1154-4ED4-95C0-AE45B714EA1D}.Debug|ARM.Build.0 = Debug|Any CPU
		{1E1D4C32-1154-4ED4-95C0-AE45B714EA1D}.Debug|ARM.Deploy.0 = Debug|Any CPU
		{1E1D4C32-1154-4ED4-95C0-AE45B714EA1D}.Debug|iPhone.ActiveCfg = Debug|Any CPU
		{1E1D4C32-1154-4ED4-95C0-AE45B714EA1D}.Debug|iPhone.Build.0 = Debug|Any CPU
		{1E1D4C32-1154-4ED4-95C0-AE45B714EA1D}.Debug|iPhone.Deploy.0 = Debug|Any CPU
		{1E1D4C32-1154-4ED4-95C0-AE45B714EA1D}.Debug|iPhoneSimulator.ActiveCfg = Debug|Any CPU
		{1E1D4C32-1154-4ED4-95C0-AE45B714EA1D}.Debug|iPhoneSimulator.Build.0 = Debug|Any CPU
		{1E1D4C32-1154-4ED4-95C0-AE45B714EA1D}.Debug|iPhoneSimulator.Deploy.0 = Debug|Any CPU
		{1E1D4C32-1154-4ED4-95C0-AE45B714EA1D}.Debug|x64.ActiveCfg = Debug|Any CPU
		{1E1D4C32-1154-4ED4-95C0-AE45B714EA1D}.Debug|x64.Build.0 = Debug|Any CPU
		{1E1D4C32-1154-4ED4-95C0-AE45B714EA1D}.Debug|x64.Deploy.0 = Debug|Any CPU
		{1E1D4C32-1154-4ED4-95C0-AE45B714EA1D}.Debug|x86.ActiveCfg = Debug|Any CPU
		{1E1D4C32-1154-4ED4-95C0-AE45B714EA1D}.Debug|x86.Build.0 = Debug|Any CPU
		{1E1D4C32-1154-4ED4-95C0-AE45B714EA1D}.Debug|x86.Deploy.0 = Debug|Any CPU
		{1E1D4C32-1154-4ED4-95C0-AE45B714EA1D}.Release|Any CPU.ActiveCfg = Release|Any CPU
		{1E1D4C32-1154-4ED4-95C0-AE45B714EA1D}.Release|Any CPU.Build.0 = Release|Any CPU
		{1E1D4C32-1154-4ED4-95C0-AE45B714EA1D}.Release|Any CPU.Deploy.0 = Release|Any CPU
		{1E1D4C32-1154-4ED4-95C0-AE45B714EA1D}.Release|ARM.ActiveCfg = Release|Any CPU
		{1E1D4C32-1154-4ED4-95C0-AE45B714EA1D}.Release|ARM.Build.0 = Release|Any CPU
		{1E1D4C32-1154-4ED4-95C0-AE45B714EA1D}.Release|ARM.Deploy.0 = Release|Any CPU
		{1E1D4C32-1154-4ED4-95C0-AE45B714EA1D}.Release|iPhone.ActiveCfg = Release|Any CPU
		{1E1D4C32-1154-4ED4-95C0-AE45B714EA1D}.Release|iPhone.Build.0 = Release|Any CPU
		{1E1D4C32-1154-4ED4-95C0-AE45B714EA1D}.Release|iPhone.Deploy.0 = Release|Any CPU
		{1E1D4C32-1154-4ED4-95C0-AE45B714EA1D}.Release|iPhoneSimulator.ActiveCfg = Release|Any CPU
		{1E1D4C32-1154-4ED4-95C0-AE45B714EA1D}.Release|iPhoneSimulator.Build.0 = Release|Any CPU
		{1E1D4C32-1154-4ED4-95C0-AE45B714EA1D}.Release|iPhoneSimulator.Deploy.0 = Release|Any CPU
		{1E1D4C32-1154-4ED4-95C0-AE45B714EA1D}.Release|x64.ActiveCfg = Release|Any CPU
		{1E1D4C32-1154-4ED4-95C0-AE45B714EA1D}.Release|x64.Build.0 = Release|Any CPU
		{1E1D4C32-1154-4ED4-95C0-AE45B714EA1D}.Release|x64.Deploy.0 = Release|Any CPU
		{1E1D4C32-1154-4ED4-95C0-AE45B714EA1D}.Release|x86.ActiveCfg = Release|Any CPU
		{1E1D4C32-1154-4ED4-95C0-AE45B714EA1D}.Release|x86.Build.0 = Release|Any CPU
		{1E1D4C32-1154-4ED4-95C0-AE45B714EA1D}.Release|x86.Deploy.0 = Release|Any CPU
		{9BF0D707-96FB-409F-AAE4-7426A99C74AE}.Ad-Hoc|Any CPU.ActiveCfg = Ad-Hoc|iPhone
		{9BF0D707-96FB-409F-AAE4-7426A99C74AE}.Ad-Hoc|ARM.ActiveCfg = Ad-Hoc|iPhone
		{9BF0D707-96FB-409F-AAE4-7426A99C74AE}.Ad-Hoc|iPhone.ActiveCfg = Ad-Hoc|iPhone
		{9BF0D707-96FB-409F-AAE4-7426A99C74AE}.Ad-Hoc|iPhone.Build.0 = Ad-Hoc|iPhone
		{9BF0D707-96FB-409F-AAE4-7426A99C74AE}.Ad-Hoc|iPhoneSimulator.ActiveCfg = Ad-Hoc|iPhoneSimulator
		{9BF0D707-96FB-409F-AAE4-7426A99C74AE}.Ad-Hoc|iPhoneSimulator.Build.0 = Ad-Hoc|iPhoneSimulator
		{9BF0D707-96FB-409F-AAE4-7426A99C74AE}.Ad-Hoc|x64.ActiveCfg = Ad-Hoc|iPhone
		{9BF0D707-96FB-409F-AAE4-7426A99C74AE}.Ad-Hoc|x86.ActiveCfg = Ad-Hoc|iPhone
		{9BF0D707-96FB-409F-AAE4-7426A99C74AE}.AppStore|Any CPU.ActiveCfg = AppStore|iPhone
		{9BF0D707-96FB-409F-AAE4-7426A99C74AE}.AppStore|ARM.ActiveCfg = AppStore|iPhone
		{9BF0D707-96FB-409F-AAE4-7426A99C74AE}.AppStore|iPhone.ActiveCfg = AppStore|iPhone
		{9BF0D707-96FB-409F-AAE4-7426A99C74AE}.AppStore|iPhone.Build.0 = AppStore|iPhone
		{9BF0D707-96FB-409F-AAE4-7426A99C74AE}.AppStore|iPhoneSimulator.ActiveCfg = AppStore|iPhoneSimulator
		{9BF0D707-96FB-409F-AAE4-7426A99C74AE}.AppStore|iPhoneSimulator.Build.0 = AppStore|iPhoneSimulator
		{9BF0D707-96FB-409F-AAE4-7426A99C74AE}.AppStore|x64.ActiveCfg = AppStore|iPhone
		{9BF0D707-96FB-409F-AAE4-7426A99C74AE}.AppStore|x86.ActiveCfg = AppStore|iPhone
		{9BF0D707-96FB-409F-AAE4-7426A99C74AE}.Debug|Any CPU.ActiveCfg = Debug|iPhone
		{9BF0D707-96FB-409F-AAE4-7426A99C74AE}.Debug|ARM.ActiveCfg = Debug|iPhone
		{9BF0D707-96FB-409F-AAE4-7426A99C74AE}.Debug|iPhone.ActiveCfg = Debug|iPhone
		{9BF0D707-96FB-409F-AAE4-7426A99C74AE}.Debug|iPhone.Build.0 = Debug|iPhone
		{9BF0D707-96FB-409F-AAE4-7426A99C74AE}.Debug|iPhoneSimulator.ActiveCfg = Debug|iPhoneSimulator
		{9BF0D707-96FB-409F-AAE4-7426A99C74AE}.Debug|iPhoneSimulator.Build.0 = Debug|iPhoneSimulator
		{9BF0D707-96FB-409F-AAE4-7426A99C74AE}.Debug|x64.ActiveCfg = Debug|iPhone
		{9BF0D707-96FB-409F-AAE4-7426A99C74AE}.Debug|x86.ActiveCfg = Debug|iPhone
		{9BF0D707-96FB-409F-AAE4-7426A99C74AE}.Release|Any CPU.ActiveCfg = Release|iPhone
		{9BF0D707-96FB-409F-AAE4-7426A99C74AE}.Release|ARM.ActiveCfg = Release|iPhone
		{9BF0D707-96FB-409F-AAE4-7426A99C74AE}.Release|iPhone.ActiveCfg = Release|iPhone
		{9BF0D707-96FB-409F-AAE4-7426A99C74AE}.Release|iPhone.Build.0 = Release|iPhone
		{9BF0D707-96FB-409F-AAE4-7426A99C74AE}.Release|iPhoneSimulator.ActiveCfg = Release|iPhoneSimulator
		{9BF0D707-96FB-409F-AAE4-7426A99C74AE}.Release|iPhoneSimulator.Build.0 = Release|iPhoneSimulator
		{9BF0D707-96FB-409F-AAE4-7426A99C74AE}.Release|x64.ActiveCfg = Release|iPhone
		{9BF0D707-96FB-409F-AAE4-7426A99C74AE}.Release|x86.ActiveCfg = Release|iPhone
		{FFF68FB4-5E0A-45CD-A700-974A384508D5}.Ad-Hoc|Any CPU.ActiveCfg = Release|Any CPU
		{FFF68FB4-5E0A-45CD-A700-974A384508D5}.Ad-Hoc|Any CPU.Build.0 = Release|Any CPU
		{FFF68FB4-5E0A-45CD-A700-974A384508D5}.Ad-Hoc|ARM.ActiveCfg = Release|Any CPU
		{FFF68FB4-5E0A-45CD-A700-974A384508D5}.Ad-Hoc|ARM.Build.0 = Release|Any CPU
		{FFF68FB4-5E0A-45CD-A700-974A384508D5}.Ad-Hoc|iPhone.ActiveCfg = Release|Any CPU
		{FFF68FB4-5E0A-45CD-A700-974A384508D5}.Ad-Hoc|iPhone.Build.0 = Release|Any CPU
		{FFF68FB4-5E0A-45CD-A700-974A384508D5}.Ad-Hoc|iPhoneSimulator.ActiveCfg = Release|Any CPU
		{FFF68FB4-5E0A-45CD-A700-974A384508D5}.Ad-Hoc|iPhoneSimulator.Build.0 = Release|Any CPU
		{FFF68FB4-5E0A-45CD-A700-974A384508D5}.Ad-Hoc|x64.ActiveCfg = Release|Any CPU
		{FFF68FB4-5E0A-45CD-A700-974A384508D5}.Ad-Hoc|x64.Build.0 = Release|Any CPU
		{FFF68FB4-5E0A-45CD-A700-974A384508D5}.Ad-Hoc|x86.ActiveCfg = Release|Any CPU
		{FFF68FB4-5E0A-45CD-A700-974A384508D5}.Ad-Hoc|x86.Build.0 = Release|Any CPU
		{FFF68FB4-5E0A-45CD-A700-974A384508D5}.AppStore|Any CPU.ActiveCfg = Release|Any CPU
		{FFF68FB4-5E0A-45CD-A700-974A384508D5}.AppStore|Any CPU.Build.0 = Release|Any CPU
		{FFF68FB4-5E0A-45CD-A700-974A384508D5}.AppStore|ARM.ActiveCfg = Release|Any CPU
		{FFF68FB4-5E0A-45CD-A700-974A384508D5}.AppStore|ARM.Build.0 = Release|Any CPU
		{FFF68FB4-5E0A-45CD-A700-974A384508D5}.AppStore|iPhone.ActiveCfg = Release|Any CPU
		{FFF68FB4-5E0A-45CD-A700-974A384508D5}.AppStore|iPhone.Build.0 = Release|Any CPU
		{FFF68FB4-5E0A-45CD-A700-974A384508D5}.AppStore|iPhoneSimulator.ActiveCfg = Release|Any CPU
		{FFF68FB4-5E0A-45CD-A700-974A384508D5}.AppStore|iPhoneSimulator.Build.0 = Release|Any CPU
		{FFF68FB4-5E0A-45CD-A700-974A384508D5}.AppStore|x64.ActiveCfg = Release|Any CPU
		{FFF68FB4-5E0A-45CD-A700-974A384508D5}.AppStore|x64.Build.0 = Release|Any CPU
		{FFF68FB4-5E0A-45CD-A700-974A384508D5}.AppStore|x86.ActiveCfg = Release|Any CPU
		{FFF68FB4-5E0A-45CD-A700-974A384508D5}.AppStore|x86.Build.0 = Release|Any CPU
		{FFF68FB4-5E0A-45CD-A700-974A384508D5}.Debug|Any CPU.ActiveCfg = Debug|Any CPU
		{FFF68FB4-5E0A-45CD-A700-974A384508D5}.Debug|Any CPU.Build.0 = Debug|Any CPU
		{FFF68FB4-5E0A-45CD-A700-974A384508D5}.Debug|ARM.ActiveCfg = Debug|Any CPU
		{FFF68FB4-5E0A-45CD-A700-974A384508D5}.Debug|ARM.Build.0 = Debug|Any CPU
		{FFF68FB4-5E0A-45CD-A700-974A384508D5}.Debug|iPhone.ActiveCfg = Debug|Any CPU
		{FFF68FB4-5E0A-45CD-A700-974A384508D5}.Debug|iPhone.Build.0 = Debug|Any CPU
		{FFF68FB4-5E0A-45CD-A700-974A384508D5}.Debug|iPhoneSimulator.ActiveCfg = Debug|Any CPU
		{FFF68FB4-5E0A-45CD-A700-974A384508D5}.Debug|iPhoneSimulator.Build.0 = Debug|Any CPU
		{FFF68FB4-5E0A-45CD-A700-974A384508D5}.Debug|x64.ActiveCfg = Debug|Any CPU
		{FFF68FB4-5E0A-45CD-A700-974A384508D5}.Debug|x64.Build.0 = Debug|Any CPU
		{FFF68FB4-5E0A-45CD-A700-974A384508D5}.Debug|x86.ActiveCfg = Debug|Any CPU
		{FFF68FB4-5E0A-45CD-A700-974A384508D5}.Debug|x86.Build.0 = Debug|Any CPU
		{FFF68FB4-5E0A-45CD-A700-974A384508D5}.Release|Any CPU.ActiveCfg = Release|Any CPU
		{FFF68FB4-5E0A-45CD-A700-974A384508D5}.Release|Any CPU.Build.0 = Release|Any CPU
		{FFF68FB4-5E0A-45CD-A700-974A384508D5}.Release|ARM.ActiveCfg = Release|Any CPU
		{FFF68FB4-5E0A-45CD-A700-974A384508D5}.Release|ARM.Build.0 = Release|Any CPU
		{FFF68FB4-5E0A-45CD-A700-974A384508D5}.Release|iPhone.ActiveCfg = Release|Any CPU
		{FFF68FB4-5E0A-45CD-A700-974A384508D5}.Release|iPhone.Build.0 = Release|Any CPU
		{FFF68FB4-5E0A-45CD-A700-974A384508D5}.Release|iPhoneSimulator.ActiveCfg = Release|Any CPU
		{FFF68FB4-5E0A-45CD-A700-974A384508D5}.Release|iPhoneSimulator.Build.0 = Release|Any CPU
		{FFF68FB4-5E0A-45CD-A700-974A384508D5}.Release|x64.ActiveCfg = Release|Any CPU
		{FFF68FB4-5E0A-45CD-A700-974A384508D5}.Release|x64.Build.0 = Release|Any CPU
		{FFF68FB4-5E0A-45CD-A700-974A384508D5}.Release|x86.ActiveCfg = Release|Any CPU
		{FFF68FB4-5E0A-45CD-A700-974A384508D5}.Release|x86.Build.0 = Release|Any CPU
	EndGlobalSection
	GlobalSection(SolutionProperties) = preSolution
		HideSolutionNode = FALSE
	EndGlobalSection
EndGlobal
